// !$*UTF8*$!
{
	archiveVersion = 1;
	classes = {
	};
	objectVersion = 46;
	objects = {

/* Begin PBXBuildFile section */
		7E495DBCD4B049909F0FD666 /* libPods.a in Frameworks */ = {isa = PBXBuildFile; fileRef = 773720CD89AF46CD957A9DB0 /* libPods.a */; };
		B502791419E5B19000BAD1F5 /* TBPAlbumCollectionViewCell.m in Sources */ = {isa = PBXBuildFile; fileRef = B502791319E5B19000BAD1F5 /* TBPAlbumCollectionViewCell.m */; };
		B502791619E5B26900BAD1F5 /* AssetsLibrary.framework in Frameworks */ = {isa = PBXBuildFile; fileRef = B502791519E5B26900BAD1F5 /* AssetsLibrary.framework */; };
		B502791919E5D80000BAD1F5 /* TBPArtistTableViewCell.m in Sources */ = {isa = PBXBuildFile; fileRef = B502791819E5D80000BAD1F5 /* TBPArtistTableViewCell.m */; };
		B502791D19E5DDA800BAD1F5 /* TBPAlbumViewController.m in Sources */ = {isa = PBXBuildFile; fileRef = B502791C19E5DDA800BAD1F5 /* TBPAlbumViewController.m */; };
		B502792019E5DEC100BAD1F5 /* TBPTrackTableViewCell.m in Sources */ = {isa = PBXBuildFile; fileRef = B502791F19E5DEC100BAD1F5 /* TBPTrackTableViewCell.m */; };
		B502792319E5E34800BAD1F5 /* TBPLibraryItemHeadingView.m in Sources */ = {isa = PBXBuildFile; fileRef = B502792219E5E34800BAD1F5 /* TBPLibraryItemHeadingView.m */; };
		B502792819E607C900BAD1F5 /* TBPRootViewController.m in Sources */ = {isa = PBXBuildFile; fileRef = B502792719E607C900BAD1F5 /* TBPRootViewController.m */; };
		B502792C19E60A4300BAD1F5 /* TBPNowPlayingBarViewController.m in Sources */ = {isa = PBXBuildFile; fileRef = B502792B19E60A4300BAD1F5 /* TBPNowPlayingBarViewController.m */; };
		B53572A219EC4D6A006E87A7 /* TBPCachedNowPlayingContext.m in Sources */ = {isa = PBXBuildFile; fileRef = B53572A119EC4D6A006E87A7 /* TBPCachedNowPlayingContext.m */; };
		B5365F0F19E59580000B780D /* TBPAppDelegate.m in Sources */ = {isa = PBXBuildFile; fileRef = B5365F0E19E59580000B780D /* TBPAppDelegate.m */; };
		B5365F1719E59580000B780D /* TBPImages.xcassets in Resources */ = {isa = PBXBuildFile; fileRef = B5365F1619E59580000B780D /* TBPImages.xcassets */; };
		B5365F2619E59580000B780D /* terrible_playerTests.m in Sources */ = {isa = PBXBuildFile; fileRef = B5365F2519E59580000B780D /* terrible_playerTests.m */; };
		B5365F3319E5976A000B780D /* main.m in Sources */ = {isa = PBXBuildFile; fileRef = B5365F3119E5976A000B780D /* main.m */; };
		B5365F3519E598F2000B780D /* MediaPlayer.framework in Frameworks */ = {isa = PBXBuildFile; fileRef = B5365F3419E598F2000B780D /* MediaPlayer.framework */; };
		B5365F3E19E5A351000B780D /* TBPLibraryModel.m in Sources */ = {isa = PBXBuildFile; fileRef = B5365F3D19E5A351000B780D /* TBPLibraryModel.m */; };
		B5365F4219E5A493000B780D /* NSString+TBP.m in Sources */ = {isa = PBXBuildFile; fileRef = B5365F4119E5A493000B780D /* NSString+TBP.m */; };
		B5365F4519E5A8A1000B780D /* TBPNavigationViewController.m in Sources */ = {isa = PBXBuildFile; fileRef = B5365F4419E5A8A1000B780D /* TBPNavigationViewController.m */; };
		B5365F4F19E5AB9C000B780D /* TBPArtistsNavigationViewController.m in Sources */ = {isa = PBXBuildFile; fileRef = B5365F4C19E5AB9C000B780D /* TBPArtistsNavigationViewController.m */; };
		B5365F5019E5AB9C000B780D /* TBPArtistsViewController.m in Sources */ = {isa = PBXBuildFile; fileRef = B5365F4E19E5AB9C000B780D /* TBPArtistsViewController.m */; };
		B5365F5319E5ABD4000B780D /* TBPAlbumsNavigationViewController.m in Sources */ = {isa = PBXBuildFile; fileRef = B5365F5219E5ABD4000B780D /* TBPAlbumsNavigationViewController.m */; };
		B5365F5619E5ABF0000B780D /* TBPAlbumsViewController.m in Sources */ = {isa = PBXBuildFile; fileRef = B5365F5519E5ABF0000B780D /* TBPAlbumsViewController.m */; };
		B5365F5919E5AE1B000B780D /* TBPLibraryItem.m in Sources */ = {isa = PBXBuildFile; fileRef = B5365F5819E5AE1B000B780D /* TBPLibraryItem.m */; };
		B5A9806619E76E510072E3FB /* TBPDatabase.m in Sources */ = {isa = PBXBuildFile; fileRef = B5A9806519E76E510072E3FB /* TBPDatabase.m */; };
		B5A9806919E7709D0072E3FB /* TBPDatabaseObject.m in Sources */ = {isa = PBXBuildFile; fileRef = B5A9806819E7709D0072E3FB /* TBPDatabaseObject.m */; };
		B5A9806F19E772BF0072E3FB /* TBPModel.xcdatamodeld in Sources */ = {isa = PBXBuildFile; fileRef = B5A9806D19E772BF0072E3FB /* TBPModel.xcdatamodeld */; };
		B5A9807219E774020072E3FB /* TBPQueuedScrobble.m in Sources */ = {isa = PBXBuildFile; fileRef = B5A9807119E774020072E3FB /* TBPQueuedScrobble.m */; };
		B5A9807519E77B940072E3FB /* TBPLastFMScrobbleQueue.m in Sources */ = {isa = PBXBuildFile; fileRef = B5A9807419E77B940072E3FB /* TBPLastFMScrobbleQueue.m */; };
		B5BDB29419E638CB004184F8 /* config.plist in Resources */ = {isa = PBXBuildFile; fileRef = B5BDB29319E638CB004184F8 /* config.plist */; };
		B5BDB2A019E64024004184F8 /* TBPLastFMAuthManager.m in Sources */ = {isa = PBXBuildFile; fileRef = B5BDB29A19E64024004184F8 /* TBPLastFMAuthManager.m */; };
		B5BDB2A119E64024004184F8 /* TBPLastFMObjectManager.m in Sources */ = {isa = PBXBuildFile; fileRef = B5BDB29C19E64024004184F8 /* TBPLastFMObjectManager.m */; };
		B5BDB2A219E64024004184F8 /* TBPObjectManager.m in Sources */ = {isa = PBXBuildFile; fileRef = B5BDB29E19E64024004184F8 /* TBPObjectManager.m */; };
		B5BDB2A519E64044004184F8 /* TBPLastFMSession.m in Sources */ = {isa = PBXBuildFile; fileRef = B5BDB2A419E64044004184F8 /* TBPLastFMSession.m */; };
		B5BDB2A919E644AA004184F8 /* TBPSettingsViewController.m in Sources */ = {isa = PBXBuildFile; fileRef = B5BDB2A819E644AA004184F8 /* TBPSettingsViewController.m */; };
		B5BDB2AC19E64CD7004184F8 /* TBPLastFMTrackManager.m in Sources */ = {isa = PBXBuildFile; fileRef = B5BDB2AB19E64CD7004184F8 /* TBPLastFMTrackManager.m */; };
		B5BDB2AF19E6F157004184F8 /* TBPSettingsNavigationViewController.m in Sources */ = {isa = PBXBuildFile; fileRef = B5BDB2AE19E6F157004184F8 /* TBPSettingsNavigationViewController.m */; };
		B5BDB2B219E6F7C8004184F8 /* TBPAuthViewController.m in Sources */ = {isa = PBXBuildFile; fileRef = B5BDB2B119E6F7C8004184F8 /* TBPAuthViewController.m */; };
		B5DDD5A71F92B88D003B944A /* stupid-noise.wav in Resources */ = {isa = PBXBuildFile; fileRef = B5DDD5A61F92B88C003B944A /* stupid-noise.wav */; };
		B5DDD5A91F92B92E003B944A /* silence.wav in Resources */ = {isa = PBXBuildFile; fileRef = B5DDD5A81F92B92E003B944A /* silence.wav */; };
		B5F176D919E70C8A00593D12 /* TBPActivityIndicatorView.m in Sources */ = {isa = PBXBuildFile; fileRef = B5F176D819E70C8A00593D12 /* TBPActivityIndicatorView.m */; };
		B5F176DC19E7267C00593D12 /* TBPPlayPauseView.m in Sources */ = {isa = PBXBuildFile; fileRef = B5F176DB19E7267C00593D12 /* TBPPlayPauseView.m */; };
/* End PBXBuildFile section */

/* Begin PBXContainerItemProxy section */
		B5365F2019E59580000B780D /* PBXContainerItemProxy */ = {
			isa = PBXContainerItemProxy;
			containerPortal = B5365EFE19E5957F000B780D /* Project object */;
			proxyType = 1;
			remoteGlobalIDString = B5365F0519E59580000B780D;
			remoteInfo = "terrible-player";
		};
/* End PBXContainerItemProxy section */

/* Begin PBXFileReference section */
		60DB3B57266813A036AA1820 /* Pods.debug.xcconfig */ = {isa = PBXFileReference; includeInIndex = 1; lastKnownFileType = text.xcconfig; name = Pods.debug.xcconfig; path = "Pods/Target Support Files/Pods/Pods.debug.xcconfig"; sourceTree = "<group>"; };
		773720CD89AF46CD957A9DB0 /* libPods.a */ = {isa = PBXFileReference; explicitFileType = archive.ar; includeInIndex = 0; path = libPods.a; sourceTree = BUILT_PRODUCTS_DIR; };
		B2DE1BC1D4D8C7E33EBE1144 /* Pods.release.xcconfig */ = {isa = PBXFileReference; includeInIndex = 1; lastKnownFileType = text.xcconfig; name = Pods.release.xcconfig; path = "Pods/Target Support Files/Pods/Pods.release.xcconfig"; sourceTree = "<group>"; };
		B502791219E5B19000BAD1F5 /* TBPAlbumCollectionViewCell.h */ = {isa = PBXFileReference; fileEncoding = 4; lastKnownFileType = sourcecode.c.h; path = TBPAlbumCollectionViewCell.h; sourceTree = "<group>"; };
		B502791319E5B19000BAD1F5 /* TBPAlbumCollectionViewCell.m */ = {isa = PBXFileReference; fileEncoding = 4; lastKnownFileType = sourcecode.c.objc; path = TBPAlbumCollectionViewCell.m; sourceTree = "<group>"; };
		B502791519E5B26900BAD1F5 /* AssetsLibrary.framework */ = {isa = PBXFileReference; lastKnownFileType = wrapper.framework; name = AssetsLibrary.framework; path = System/Library/Frameworks/AssetsLibrary.framework; sourceTree = SDKROOT; };
		B502791719E5D80000BAD1F5 /* TBPArtistTableViewCell.h */ = {isa = PBXFileReference; fileEncoding = 4; lastKnownFileType = sourcecode.c.h; path = TBPArtistTableViewCell.h; sourceTree = "<group>"; };
		B502791819E5D80000BAD1F5 /* TBPArtistTableViewCell.m */ = {isa = PBXFileReference; fileEncoding = 4; lastKnownFileType = sourcecode.c.objc; path = TBPArtistTableViewCell.m; sourceTree = "<group>"; };
		B502791B19E5DDA800BAD1F5 /* TBPAlbumViewController.h */ = {isa = PBXFileReference; fileEncoding = 4; lastKnownFileType = sourcecode.c.h; path = TBPAlbumViewController.h; sourceTree = "<group>"; };
		B502791C19E5DDA800BAD1F5 /* TBPAlbumViewController.m */ = {isa = PBXFileReference; fileEncoding = 4; lastKnownFileType = sourcecode.c.objc; path = TBPAlbumViewController.m; sourceTree = "<group>"; };
		B502791E19E5DEC100BAD1F5 /* TBPTrackTableViewCell.h */ = {isa = PBXFileReference; fileEncoding = 4; lastKnownFileType = sourcecode.c.h; path = TBPTrackTableViewCell.h; sourceTree = "<group>"; };
		B502791F19E5DEC100BAD1F5 /* TBPTrackTableViewCell.m */ = {isa = PBXFileReference; fileEncoding = 4; lastKnownFileType = sourcecode.c.objc; path = TBPTrackTableViewCell.m; sourceTree = "<group>"; };
		B502792119E5E34800BAD1F5 /* TBPLibraryItemHeadingView.h */ = {isa = PBXFileReference; fileEncoding = 4; lastKnownFileType = sourcecode.c.h; path = TBPLibraryItemHeadingView.h; sourceTree = "<group>"; };
		B502792219E5E34800BAD1F5 /* TBPLibraryItemHeadingView.m */ = {isa = PBXFileReference; fileEncoding = 4; lastKnownFileType = sourcecode.c.objc; path = TBPLibraryItemHeadingView.m; sourceTree = "<group>"; };
		B502792419E5E71600BAD1F5 /* TBPConstants.h */ = {isa = PBXFileReference; lastKnownFileType = sourcecode.c.h; path = TBPConstants.h; sourceTree = "<group>"; };
		B502792519E5E7BC00BAD1F5 /* TBP-prefix.pch */ = {isa = PBXFileReference; lastKnownFileType = sourcecode.c.h; path = "TBP-prefix.pch"; sourceTree = "<group>"; };
		B502792619E607C900BAD1F5 /* TBPRootViewController.h */ = {isa = PBXFileReference; fileEncoding = 4; lastKnownFileType = sourcecode.c.h; path = TBPRootViewController.h; sourceTree = "<group>"; };
		B502792719E607C900BAD1F5 /* TBPRootViewController.m */ = {isa = PBXFileReference; fileEncoding = 4; lastKnownFileType = sourcecode.c.objc; path = TBPRootViewController.m; sourceTree = "<group>"; };
		B502792A19E60A4300BAD1F5 /* TBPNowPlayingBarViewController.h */ = {isa = PBXFileReference; fileEncoding = 4; lastKnownFileType = sourcecode.c.h; path = TBPNowPlayingBarViewController.h; sourceTree = "<group>"; };
		B502792B19E60A4300BAD1F5 /* TBPNowPlayingBarViewController.m */ = {isa = PBXFileReference; fileEncoding = 4; lastKnownFileType = sourcecode.c.objc; path = TBPNowPlayingBarViewController.m; sourceTree = "<group>"; };
		B53572A019EC4D6A006E87A7 /* TBPCachedNowPlayingContext.h */ = {isa = PBXFileReference; fileEncoding = 4; lastKnownFileType = sourcecode.c.h; path = TBPCachedNowPlayingContext.h; sourceTree = "<group>"; };
		B53572A119EC4D6A006E87A7 /* TBPCachedNowPlayingContext.m */ = {isa = PBXFileReference; fileEncoding = 4; lastKnownFileType = sourcecode.c.objc; path = TBPCachedNowPlayingContext.m; sourceTree = "<group>"; };
		B5365F0619E59580000B780D /* terrible-player.app */ = {isa = PBXFileReference; explicitFileType = wrapper.application; includeInIndex = 0; path = "terrible-player.app"; sourceTree = BUILT_PRODUCTS_DIR; };
		B5365F0D19E59580000B780D /* TBPAppDelegate.h */ = {isa = PBXFileReference; lastKnownFileType = sourcecode.c.h; path = TBPAppDelegate.h; sourceTree = "<group>"; };
		B5365F0E19E59580000B780D /* TBPAppDelegate.m */ = {isa = PBXFileReference; lastKnownFileType = sourcecode.c.objc; path = TBPAppDelegate.m; sourceTree = "<group>"; };
		B5365F1619E59580000B780D /* TBPImages.xcassets */ = {isa = PBXFileReference; lastKnownFileType = folder.assetcatalog; path = TBPImages.xcassets; sourceTree = "<group>"; };
		B5365F1919E59580000B780D /* Base */ = {isa = PBXFileReference; lastKnownFileType = file.xib; name = Base; path = Base.lproj/TBPLaunchScreen.xib; sourceTree = "<group>"; };
		B5365F1F19E59580000B780D /* terrible-playerTests.xctest */ = {isa = PBXFileReference; explicitFileType = wrapper.cfbundle; includeInIndex = 0; path = "terrible-playerTests.xctest"; sourceTree = BUILT_PRODUCTS_DIR; };
		B5365F2419E59580000B780D /* Info.plist */ = {isa = PBXFileReference; lastKnownFileType = text.plist.xml; path = Info.plist; sourceTree = "<group>"; };
		B5365F2519E59580000B780D /* terrible_playerTests.m */ = {isa = PBXFileReference; lastKnownFileType = sourcecode.c.objc; path = terrible_playerTests.m; sourceTree = "<group>"; };
		B5365F3019E5976A000B780D /* Info.plist */ = {isa = PBXFileReference; fileEncoding = 4; lastKnownFileType = text.plist.xml; path = Info.plist; sourceTree = "<group>"; };
		B5365F3119E5976A000B780D /* main.m */ = {isa = PBXFileReference; fileEncoding = 4; lastKnownFileType = sourcecode.c.objc; path = main.m; sourceTree = "<group>"; };
		B5365F3419E598F2000B780D /* MediaPlayer.framework */ = {isa = PBXFileReference; lastKnownFileType = wrapper.framework; name = MediaPlayer.framework; path = System/Library/Frameworks/MediaPlayer.framework; sourceTree = SDKROOT; };
		B5365F3C19E5A351000B780D /* TBPLibraryModel.h */ = {isa = PBXFileReference; fileEncoding = 4; lastKnownFileType = sourcecode.c.h; path = TBPLibraryModel.h; sourceTree = "<group>"; };
		B5365F3D19E5A351000B780D /* TBPLibraryModel.m */ = {isa = PBXFileReference; fileEncoding = 4; lastKnownFileType = sourcecode.c.objc; path = TBPLibraryModel.m; sourceTree = "<group>"; };
		B5365F4019E5A493000B780D /* NSString+TBP.h */ = {isa = PBXFileReference; fileEncoding = 4; lastKnownFileType = sourcecode.c.h; path = "NSString+TBP.h"; sourceTree = "<group>"; };
		B5365F4119E5A493000B780D /* NSString+TBP.m */ = {isa = PBXFileReference; fileEncoding = 4; lastKnownFileType = sourcecode.c.objc; path = "NSString+TBP.m"; sourceTree = "<group>"; };
		B5365F4319E5A8A1000B780D /* TBPNavigationViewController.h */ = {isa = PBXFileReference; fileEncoding = 4; lastKnownFileType = sourcecode.c.h; path = TBPNavigationViewController.h; sourceTree = "<group>"; };
		B5365F4419E5A8A1000B780D /* TBPNavigationViewController.m */ = {isa = PBXFileReference; fileEncoding = 4; lastKnownFileType = sourcecode.c.objc; path = TBPNavigationViewController.m; sourceTree = "<group>"; };
		B5365F4B19E5AB9C000B780D /* TBPArtistsNavigationViewController.h */ = {isa = PBXFileReference; fileEncoding = 4; lastKnownFileType = sourcecode.c.h; path = TBPArtistsNavigationViewController.h; sourceTree = "<group>"; };
		B5365F4C19E5AB9C000B780D /* TBPArtistsNavigationViewController.m */ = {isa = PBXFileReference; fileEncoding = 4; lastKnownFileType = sourcecode.c.objc; path = TBPArtistsNavigationViewController.m; sourceTree = "<group>"; };
		B5365F4D19E5AB9C000B780D /* TBPArtistsViewController.h */ = {isa = PBXFileReference; fileEncoding = 4; lastKnownFileType = sourcecode.c.h; path = TBPArtistsViewController.h; sourceTree = "<group>"; };
		B5365F4E19E5AB9C000B780D /* TBPArtistsViewController.m */ = {isa = PBXFileReference; fileEncoding = 4; lastKnownFileType = sourcecode.c.objc; path = TBPArtistsViewController.m; sourceTree = "<group>"; };
		B5365F5119E5ABD4000B780D /* TBPAlbumsNavigationViewController.h */ = {isa = PBXFileReference; fileEncoding = 4; lastKnownFileType = sourcecode.c.h; path = TBPAlbumsNavigationViewController.h; sourceTree = "<group>"; };
		B5365F5219E5ABD4000B780D /* TBPAlbumsNavigationViewController.m */ = {isa = PBXFileReference; fileEncoding = 4; lastKnownFileType = sourcecode.c.objc; path = TBPAlbumsNavigationViewController.m; sourceTree = "<group>"; };
		B5365F5419E5ABF0000B780D /* TBPAlbumsViewController.h */ = {isa = PBXFileReference; fileEncoding = 4; lastKnownFileType = sourcecode.c.h; path = TBPAlbumsViewController.h; sourceTree = "<group>"; };
		B5365F5519E5ABF0000B780D /* TBPAlbumsViewController.m */ = {isa = PBXFileReference; fileEncoding = 4; lastKnownFileType = sourcecode.c.objc; path = TBPAlbumsViewController.m; sourceTree = "<group>"; };
		B5365F5719E5AE1B000B780D /* TBPLibraryItem.h */ = {isa = PBXFileReference; fileEncoding = 4; lastKnownFileType = sourcecode.c.h; path = TBPLibraryItem.h; sourceTree = "<group>"; };
		B5365F5819E5AE1B000B780D /* TBPLibraryItem.m */ = {isa = PBXFileReference; fileEncoding = 4; lastKnownFileType = sourcecode.c.objc; path = TBPLibraryItem.m; sourceTree = "<group>"; };
		B5A9806419E76E510072E3FB /* TBPDatabase.h */ = {isa = PBXFileReference; fileEncoding = 4; lastKnownFileType = sourcecode.c.h; path = TBPDatabase.h; sourceTree = "<group>"; };
		B5A9806519E76E510072E3FB /* TBPDatabase.m */ = {isa = PBXFileReference; fileEncoding = 4; lastKnownFileType = sourcecode.c.objc; path = TBPDatabase.m; sourceTree = "<group>"; };
		B5A9806719E7709D0072E3FB /* TBPDatabaseObject.h */ = {isa = PBXFileReference; fileEncoding = 4; lastKnownFileType = sourcecode.c.h; path = TBPDatabaseObject.h; sourceTree = "<group>"; };
		B5A9806819E7709D0072E3FB /* TBPDatabaseObject.m */ = {isa = PBXFileReference; fileEncoding = 4; lastKnownFileType = sourcecode.c.objc; path = TBPDatabaseObject.m; sourceTree = "<group>"; };
		B5A9806E19E772BF0072E3FB /* TBPModel.xcdatamodel */ = {isa = PBXFileReference; lastKnownFileType = wrapper.xcdatamodel; path = TBPModel.xcdatamodel; sourceTree = "<group>"; };
		B5A9807019E774020072E3FB /* TBPQueuedScrobble.h */ = {isa = PBXFileReference; fileEncoding = 4; lastKnownFileType = sourcecode.c.h; path = TBPQueuedScrobble.h; sourceTree = "<group>"; };
		B5A9807119E774020072E3FB /* TBPQueuedScrobble.m */ = {isa = PBXFileReference; fileEncoding = 4; lastKnownFileType = sourcecode.c.objc; path = TBPQueuedScrobble.m; sourceTree = "<group>"; };
		B5A9807319E77B940072E3FB /* TBPLastFMScrobbleQueue.h */ = {isa = PBXFileReference; fileEncoding = 4; lastKnownFileType = sourcecode.c.h; path = TBPLastFMScrobbleQueue.h; sourceTree = "<group>"; };
		B5A9807419E77B940072E3FB /* TBPLastFMScrobbleQueue.m */ = {isa = PBXFileReference; fileEncoding = 4; lastKnownFileType = sourcecode.c.objc; path = TBPLastFMScrobbleQueue.m; sourceTree = "<group>"; };
		B5BDB29319E638CB004184F8 /* config.plist */ = {isa = PBXFileReference; fileEncoding = 4; lastKnownFileType = text.plist.xml; path = config.plist; sourceTree = "<group>"; };
		B5BDB29919E64024004184F8 /* TBPLastFMAuthManager.h */ = {isa = PBXFileReference; fileEncoding = 4; lastKnownFileType = sourcecode.c.h; path = TBPLastFMAuthManager.h; sourceTree = "<group>"; };
		B5BDB29A19E64024004184F8 /* TBPLastFMAuthManager.m */ = {isa = PBXFileReference; fileEncoding = 4; lastKnownFileType = sourcecode.c.objc; path = TBPLastFMAuthManager.m; sourceTree = "<group>"; };
		B5BDB29B19E64024004184F8 /* TBPLastFMObjectManager.h */ = {isa = PBXFileReference; fileEncoding = 4; lastKnownFileType = sourcecode.c.h; path = TBPLastFMObjectManager.h; sourceTree = "<group>"; };
		B5BDB29C19E64024004184F8 /* TBPLastFMObjectManager.m */ = {isa = PBXFileReference; fileEncoding = 4; lastKnownFileType = sourcecode.c.objc; path = TBPLastFMObjectManager.m; sourceTree = "<group>"; };
		B5BDB29D19E64024004184F8 /* TBPObjectManager.h */ = {isa = PBXFileReference; fileEncoding = 4; lastKnownFileType = sourcecode.c.h; path = TBPObjectManager.h; sourceTree = "<group>"; };
		B5BDB29E19E64024004184F8 /* TBPObjectManager.m */ = {isa = PBXFileReference; fileEncoding = 4; lastKnownFileType = sourcecode.c.objc; path = TBPObjectManager.m; sourceTree = "<group>"; };
		B5BDB2A319E64044004184F8 /* TBPLastFMSession.h */ = {isa = PBXFileReference; fileEncoding = 4; lastKnownFileType = sourcecode.c.h; path = TBPLastFMSession.h; sourceTree = "<group>"; };
		B5BDB2A419E64044004184F8 /* TBPLastFMSession.m */ = {isa = PBXFileReference; fileEncoding = 4; lastKnownFileType = sourcecode.c.objc; path = TBPLastFMSession.m; sourceTree = "<group>"; };
		B5BDB2A719E644AA004184F8 /* TBPSettingsViewController.h */ = {isa = PBXFileReference; fileEncoding = 4; lastKnownFileType = sourcecode.c.h; path = TBPSettingsViewController.h; sourceTree = "<group>"; };
		B5BDB2A819E644AA004184F8 /* TBPSettingsViewController.m */ = {isa = PBXFileReference; fileEncoding = 4; lastKnownFileType = sourcecode.c.objc; path = TBPSettingsViewController.m; sourceTree = "<group>"; };
		B5BDB2AA19E64CD7004184F8 /* TBPLastFMTrackManager.h */ = {isa = PBXFileReference; fileEncoding = 4; lastKnownFileType = sourcecode.c.h; path = TBPLastFMTrackManager.h; sourceTree = "<group>"; };
		B5BDB2AB19E64CD7004184F8 /* TBPLastFMTrackManager.m */ = {isa = PBXFileReference; fileEncoding = 4; lastKnownFileType = sourcecode.c.objc; path = TBPLastFMTrackManager.m; sourceTree = "<group>"; };
		B5BDB2AD19E6F157004184F8 /* TBPSettingsNavigationViewController.h */ = {isa = PBXFileReference; fileEncoding = 4; lastKnownFileType = sourcecode.c.h; path = TBPSettingsNavigationViewController.h; sourceTree = "<group>"; };
		B5BDB2AE19E6F157004184F8 /* TBPSettingsNavigationViewController.m */ = {isa = PBXFileReference; fileEncoding = 4; lastKnownFileType = sourcecode.c.objc; path = TBPSettingsNavigationViewController.m; sourceTree = "<group>"; };
		B5BDB2B019E6F7C8004184F8 /* TBPAuthViewController.h */ = {isa = PBXFileReference; fileEncoding = 4; lastKnownFileType = sourcecode.c.h; path = TBPAuthViewController.h; sourceTree = "<group>"; };
		B5BDB2B119E6F7C8004184F8 /* TBPAuthViewController.m */ = {isa = PBXFileReference; fileEncoding = 4; lastKnownFileType = sourcecode.c.objc; path = TBPAuthViewController.m; sourceTree = "<group>"; };
		B5DDD5A61F92B88C003B944A /* stupid-noise.wav */ = {isa = PBXFileReference; lastKnownFileType = audio.wav; path = "stupid-noise.wav"; sourceTree = "<group>"; };
		B5DDD5A81F92B92E003B944A /* silence.wav */ = {isa = PBXFileReference; lastKnownFileType = audio.wav; path = silence.wav; sourceTree = "<group>"; };
		B5F176D719E70C8A00593D12 /* TBPActivityIndicatorView.h */ = {isa = PBXFileReference; fileEncoding = 4; lastKnownFileType = sourcecode.c.h; path = TBPActivityIndicatorView.h; sourceTree = "<group>"; };
		B5F176D819E70C8A00593D12 /* TBPActivityIndicatorView.m */ = {isa = PBXFileReference; fileEncoding = 4; lastKnownFileType = sourcecode.c.objc; path = TBPActivityIndicatorView.m; sourceTree = "<group>"; };
		B5F176DA19E7267C00593D12 /* TBPPlayPauseView.h */ = {isa = PBXFileReference; fileEncoding = 4; lastKnownFileType = sourcecode.c.h; path = TBPPlayPauseView.h; sourceTree = "<group>"; };
		B5F176DB19E7267C00593D12 /* TBPPlayPauseView.m */ = {isa = PBXFileReference; fileEncoding = 4; lastKnownFileType = sourcecode.c.objc; path = TBPPlayPauseView.m; sourceTree = "<group>"; };
/* End PBXFileReference section */

/* Begin PBXFrameworksBuildPhase section */
		B5365F0319E59580000B780D /* Frameworks */ = {
			isa = PBXFrameworksBuildPhase;
			buildActionMask = 2147483647;
			files = (
				B502791619E5B26900BAD1F5 /* AssetsLibrary.framework in Frameworks */,
				B5365F3519E598F2000B780D /* MediaPlayer.framework in Frameworks */,
				7E495DBCD4B049909F0FD666 /* libPods.a in Frameworks */,
			);
			runOnlyForDeploymentPostprocessing = 0;
		};
		B5365F1C19E59580000B780D /* Frameworks */ = {
			isa = PBXFrameworksBuildPhase;
			buildActionMask = 2147483647;
			files = (
			);
			runOnlyForDeploymentPostprocessing = 0;
		};
/* End PBXFrameworksBuildPhase section */

/* Begin PBXGroup section */
		4B296EAC6CB70F4282CFA861 /* Pods */ = {
			isa = PBXGroup;
			children = (
				60DB3B57266813A036AA1820 /* Pods.debug.xcconfig */,
				B2DE1BC1D4D8C7E33EBE1144 /* Pods.release.xcconfig */,
			);
			name = Pods;
			sourceTree = "<group>";
		};
		B502791A19E5DD7D00BAD1F5 /* album */ = {
			isa = PBXGroup;
			children = (
				B502791B19E5DDA800BAD1F5 /* TBPAlbumViewController.h */,
				B502791C19E5DDA800BAD1F5 /* TBPAlbumViewController.m */,
				B502791E19E5DEC100BAD1F5 /* TBPTrackTableViewCell.h */,
				B502791F19E5DEC100BAD1F5 /* TBPTrackTableViewCell.m */,
			);
			path = album;
			sourceTree = "<group>";
		};
		B502792919E60A3400BAD1F5 /* nowplaying */ = {
			isa = PBXGroup;
			children = (
				B502792A19E60A4300BAD1F5 /* TBPNowPlayingBarViewController.h */,
				B502792B19E60A4300BAD1F5 /* TBPNowPlayingBarViewController.m */,
				B5F176DA19E7267C00593D12 /* TBPPlayPauseView.h */,
				B5F176DB19E7267C00593D12 /* TBPPlayPauseView.m */,
			);
			path = nowplaying;
			sourceTree = "<group>";
		};
		B5365EFD19E5957F000B780D = {
			isa = PBXGroup;
			children = (
				B5365F0819E59580000B780D /* terrible-player */,
				B5365F2219E59580000B780D /* terrible-playerTests */,
				B5365F0719E59580000B780D /* Products */,
				F13FCC0EF82A4D08A6BA5291 /* Frameworks */,
				4B296EAC6CB70F4282CFA861 /* Pods */,
			);
			sourceTree = "<group>";
		};
		B5365F0719E59580000B780D /* Products */ = {
			isa = PBXGroup;
			children = (
				B5365F0619E59580000B780D /* terrible-player.app */,
				B5365F1F19E59580000B780D /* terrible-playerTests.xctest */,
			);
			name = Products;
			sourceTree = "<group>";
		};
		B5365F0819E59580000B780D /* terrible-player */ = {
			isa = PBXGroup;
			children = (
				B5365F0D19E59580000B780D /* TBPAppDelegate.h */,
				B5365F0E19E59580000B780D /* TBPAppDelegate.m */,
				B502792619E607C900BAD1F5 /* TBPRootViewController.h */,
				B502792719E607C900BAD1F5 /* TBPRootViewController.m */,
				B5365F1619E59580000B780D /* TBPImages.xcassets */,
				B5365F1819E59580000B780D /* TBPLaunchScreen.xib */,
				B5365F3F19E5A46C000B780D /* common */,
				B5BDB28C19E632D7004184F8 /* api */,
				B5365F3B19E5A33F000B780D /* model */,
				B5A9806319E7614A0072E3FB /* database */,
				B5365F4A19E5AB9C000B780D /* artists */,
				B5365F4919E5AB9C000B780D /* albums */,
				B502791A19E5DD7D00BAD1F5 /* album */,
				B502792919E60A3400BAD1F5 /* nowplaying */,
				B5BDB2A619E64498004184F8 /* settings */,
				B5365F3619E59901000B780D /* frameworks */,
				B5365F2F19E5976A000B780D /* supporting */,
			);
			path = "terrible-player";
			sourceTree = "<group>";
		};
		B5365F2219E59580000B780D /* terrible-playerTests */ = {
			isa = PBXGroup;
			children = (
				B5365F2519E59580000B780D /* terrible_playerTests.m */,
				B5365F2319E59580000B780D /* Supporting Files */,
			);
			path = "terrible-playerTests";
			sourceTree = "<group>";
		};
		B5365F2319E59580000B780D /* Supporting Files */ = {
			isa = PBXGroup;
			children = (
				B5365F2419E59580000B780D /* Info.plist */,
			);
			name = "Supporting Files";
			sourceTree = "<group>";
		};
		B5365F2F19E5976A000B780D /* supporting */ = {
			isa = PBXGroup;
			children = (
				B5DDD5A81F92B92E003B944A /* silence.wav */,
				B5DDD5A61F92B88C003B944A /* stupid-noise.wav */,
				B5365F3019E5976A000B780D /* Info.plist */,
				B5BDB29319E638CB004184F8 /* config.plist */,
				B5365F3119E5976A000B780D /* main.m */,
				B502792519E5E7BC00BAD1F5 /* TBP-prefix.pch */,
			);
			path = supporting;
			sourceTree = "<group>";
		};
		B5365F3619E59901000B780D /* frameworks */ = {
			isa = PBXGroup;
			children = (
				B502791519E5B26900BAD1F5 /* AssetsLibrary.framework */,
				B5365F3419E598F2000B780D /* MediaPlayer.framework */,
			);
			name = frameworks;
			sourceTree = "<group>";
		};
		B5365F3B19E5A33F000B780D /* model */ = {
			isa = PBXGroup;
			children = (
				B5365F3C19E5A351000B780D /* TBPLibraryModel.h */,
				B5365F3D19E5A351000B780D /* TBPLibraryModel.m */,
				B5365F5719E5AE1B000B780D /* TBPLibraryItem.h */,
				B5365F5819E5AE1B000B780D /* TBPLibraryItem.m */,
			);
			path = model;
			sourceTree = "<group>";
		};
		B5365F3F19E5A46C000B780D /* common */ = {
			isa = PBXGroup;
			children = (
				B502792419E5E71600BAD1F5 /* TBPConstants.h */,
				B5365F4019E5A493000B780D /* NSString+TBP.h */,
				B5365F4119E5A493000B780D /* NSString+TBP.m */,
				B5365F4319E5A8A1000B780D /* TBPNavigationViewController.h */,
				B5365F4419E5A8A1000B780D /* TBPNavigationViewController.m */,
				B502792119E5E34800BAD1F5 /* TBPLibraryItemHeadingView.h */,
				B502792219E5E34800BAD1F5 /* TBPLibraryItemHeadingView.m */,
				B5F176D719E70C8A00593D12 /* TBPActivityIndicatorView.h */,
				B5F176D819E70C8A00593D12 /* TBPActivityIndicatorView.m */,
			);
			path = common;
			sourceTree = "<group>";
		};
		B5365F4919E5AB9C000B780D /* albums */ = {
			isa = PBXGroup;
			children = (
				B5365F5119E5ABD4000B780D /* TBPAlbumsNavigationViewController.h */,
				B5365F5219E5ABD4000B780D /* TBPAlbumsNavigationViewController.m */,
				B5365F5419E5ABF0000B780D /* TBPAlbumsViewController.h */,
				B5365F5519E5ABF0000B780D /* TBPAlbumsViewController.m */,
				B502791219E5B19000BAD1F5 /* TBPAlbumCollectionViewCell.h */,
				B502791319E5B19000BAD1F5 /* TBPAlbumCollectionViewCell.m */,
			);
			path = albums;
			sourceTree = "<group>";
		};
		B5365F4A19E5AB9C000B780D /* artists */ = {
			isa = PBXGroup;
			children = (
				B5365F4B19E5AB9C000B780D /* TBPArtistsNavigationViewController.h */,
				B5365F4C19E5AB9C000B780D /* TBPArtistsNavigationViewController.m */,
				B5365F4D19E5AB9C000B780D /* TBPArtistsViewController.h */,
				B5365F4E19E5AB9C000B780D /* TBPArtistsViewController.m */,
				B502791719E5D80000BAD1F5 /* TBPArtistTableViewCell.h */,
				B502791819E5D80000BAD1F5 /* TBPArtistTableViewCell.m */,
			);
			path = artists;
			sourceTree = "<group>";
		};
		B5A9806319E7614A0072E3FB /* database */ = {
			isa = PBXGroup;
			children = (
				B5A9806D19E772BF0072E3FB /* TBPModel.xcdatamodeld */,
				B5A9806419E76E510072E3FB /* TBPDatabase.h */,
				B5A9806519E76E510072E3FB /* TBPDatabase.m */,
				B5A9806719E7709D0072E3FB /* TBPDatabaseObject.h */,
				B5A9806819E7709D0072E3FB /* TBPDatabaseObject.m */,
				B5A9807019E774020072E3FB /* TBPQueuedScrobble.h */,
				B5A9807119E774020072E3FB /* TBPQueuedScrobble.m */,
				B53572A019EC4D6A006E87A7 /* TBPCachedNowPlayingContext.h */,
				B53572A119EC4D6A006E87A7 /* TBPCachedNowPlayingContext.m */,
				B5A9807319E77B940072E3FB /* TBPLastFMScrobbleQueue.h */,
				B5A9807419E77B940072E3FB /* TBPLastFMScrobbleQueue.m */,
			);
			path = database;
			sourceTree = "<group>";
		};
		B5BDB28C19E632D7004184F8 /* api */ = {
			isa = PBXGroup;
			children = (
				B5BDB29819E64024004184F8 /* managers */,
				B5BDB29F19E64024004184F8 /* objects */,
			);
			path = api;
			sourceTree = "<group>";
		};
		B5BDB29819E64024004184F8 /* managers */ = {
			isa = PBXGroup;
			children = (
				B5BDB29D19E64024004184F8 /* TBPObjectManager.h */,
				B5BDB29E19E64024004184F8 /* TBPObjectManager.m */,
				B5BDB29B19E64024004184F8 /* TBPLastFMObjectManager.h */,
				B5BDB29C19E64024004184F8 /* TBPLastFMObjectManager.m */,
				B5BDB29919E64024004184F8 /* TBPLastFMAuthManager.h */,
				B5BDB29A19E64024004184F8 /* TBPLastFMAuthManager.m */,
				B5BDB2AA19E64CD7004184F8 /* TBPLastFMTrackManager.h */,
				B5BDB2AB19E64CD7004184F8 /* TBPLastFMTrackManager.m */,
			);
			path = managers;
			sourceTree = "<group>";
		};
		B5BDB29F19E64024004184F8 /* objects */ = {
			isa = PBXGroup;
			children = (
				B5BDB2A319E64044004184F8 /* TBPLastFMSession.h */,
				B5BDB2A419E64044004184F8 /* TBPLastFMSession.m */,
			);
			path = objects;
			sourceTree = "<group>";
		};
		B5BDB2A619E64498004184F8 /* settings */ = {
			isa = PBXGroup;
			children = (
				B5BDB2AD19E6F157004184F8 /* TBPSettingsNavigationViewController.h */,
				B5BDB2AE19E6F157004184F8 /* TBPSettingsNavigationViewController.m */,
				B5BDB2A719E644AA004184F8 /* TBPSettingsViewController.h */,
				B5BDB2A819E644AA004184F8 /* TBPSettingsViewController.m */,
				B5BDB2B019E6F7C8004184F8 /* TBPAuthViewController.h */,
				B5BDB2B119E6F7C8004184F8 /* TBPAuthViewController.m */,
			);
			path = settings;
			sourceTree = "<group>";
		};
		F13FCC0EF82A4D08A6BA5291 /* Frameworks */ = {
			isa = PBXGroup;
			children = (
				773720CD89AF46CD957A9DB0 /* libPods.a */,
			);
			name = Frameworks;
			sourceTree = "<group>";
		};
/* End PBXGroup section */

/* Begin PBXNativeTarget section */
		B5365F0519E59580000B780D /* terrible-player */ = {
			isa = PBXNativeTarget;
			buildConfigurationList = B5365F2919E59580000B780D /* Build configuration list for PBXNativeTarget "terrible-player" */;
			buildPhases = (
				00376318FC264AE2B3FA0205 /* Check Pods Manifest.lock */,
				B5365F0219E59580000B780D /* Sources */,
				B5365F0319E59580000B780D /* Frameworks */,
				B5365F0419E59580000B780D /* Resources */,
				6FB0A630AD00400B80DDFEAC /* Copy Pods Resources */,
			);
			buildRules = (
			);
			dependencies = (
			);
			name = "terrible-player";
			productName = "terrible-player";
			productReference = B5365F0619E59580000B780D /* terrible-player.app */;
			productType = "com.apple.product-type.application";
		};
		B5365F1E19E59580000B780D /* terrible-playerTests */ = {
			isa = PBXNativeTarget;
			buildConfigurationList = B5365F2C19E59580000B780D /* Build configuration list for PBXNativeTarget "terrible-playerTests" */;
			buildPhases = (
				B5365F1B19E59580000B780D /* Sources */,
				B5365F1C19E59580000B780D /* Frameworks */,
				B5365F1D19E59580000B780D /* Resources */,
			);
			buildRules = (
			);
			dependencies = (
				B5365F2119E59580000B780D /* PBXTargetDependency */,
			);
			name = "terrible-playerTests";
			productName = "terrible-playerTests";
			productReference = B5365F1F19E59580000B780D /* terrible-playerTests.xctest */;
			productType = "com.apple.product-type.bundle.unit-test";
		};
/* End PBXNativeTarget section */

/* Begin PBXProject section */
		B5365EFE19E5957F000B780D /* Project object */ = {
			isa = PBXProject;
			attributes = {
				CLASSPREFIX = TBP;
				LastUpgradeCheck = 0700;
				ORGANIZATIONNAME = "Ben Roth";
				TargetAttributes = {
					B5365F0519E59580000B780D = {
						CreatedOnToolsVersion = 6.0.1;
						DevelopmentTeam = 79EBH94J28;
						SystemCapabilities = {
							com.apple.BackgroundModes = {
								enabled = 0;
							};
						};
					};
					B5365F1E19E59580000B780D = {
						CreatedOnToolsVersion = 6.0.1;
						TestTargetID = B5365F0519E59580000B780D;
					};
				};
			};
			buildConfigurationList = B5365F0119E5957F000B780D /* Build configuration list for PBXProject "terrible-player" */;
			compatibilityVersion = "Xcode 3.2";
			developmentRegion = English;
			hasScannedForEncodings = 0;
			knownRegions = (
				en,
				Base,
			);
			mainGroup = B5365EFD19E5957F000B780D;
			productRefGroup = B5365F0719E59580000B780D /* Products */;
			projectDirPath = "";
			projectRoot = "";
			targets = (
				B5365F0519E59580000B780D /* terrible-player */,
				B5365F1E19E59580000B780D /* terrible-playerTests */,
			);
		};
/* End PBXProject section */

/* Begin PBXResourcesBuildPhase section */
		B5365F0419E59580000B780D /* Resources */ = {
			isa = PBXResourcesBuildPhase;
			buildActionMask = 2147483647;
			files = (
				B5DDD5A71F92B88D003B944A /* stupid-noise.wav in Resources */,
				B5BDB29419E638CB004184F8 /* config.plist in Resources */,
				B5DDD5A91F92B92E003B944A /* silence.wav in Resources */,
				B5365F1719E59580000B780D /* TBPImages.xcassets in Resources */,
			);
			runOnlyForDeploymentPostprocessing = 0;
		};
		B5365F1D19E59580000B780D /* Resources */ = {
			isa = PBXResourcesBuildPhase;
			buildActionMask = 2147483647;
			files = (
			);
			runOnlyForDeploymentPostprocessing = 0;
		};
/* End PBXResourcesBuildPhase section */

/* Begin PBXShellScriptBuildPhase section */
		00376318FC264AE2B3FA0205 /* Check Pods Manifest.lock */ = {
			isa = PBXShellScriptBuildPhase;
			buildActionMask = 2147483647;
			files = (
			);
			inputPaths = (
			);
			name = "Check Pods Manifest.lock";
			outputPaths = (
			);
			runOnlyForDeploymentPostprocessing = 0;
			shellPath = /bin/sh;
			shellScript = "diff \"${PODS_ROOT}/../Podfile.lock\" \"${PODS_ROOT}/Manifest.lock\" > /dev/null\nif [[ $? != 0 ]] ; then\n    cat << EOM\nerror: The sandbox is not in sync with the Podfile.lock. Run 'pod install' or update your CocoaPods installation.\nEOM\n    exit 1\nfi\n";
			showEnvVarsInLog = 0;
		};
		6FB0A630AD00400B80DDFEAC /* Copy Pods Resources */ = {
			isa = PBXShellScriptBuildPhase;
			buildActionMask = 2147483647;
			files = (
			);
			inputPaths = (
			);
			name = "Copy Pods Resources";
			outputPaths = (
			);
			runOnlyForDeploymentPostprocessing = 0;
			shellPath = /bin/sh;
			shellScript = "\"${SRCROOT}/Pods/Target Support Files/Pods/Pods-resources.sh\"\n";
			showEnvVarsInLog = 0;
		};
/* End PBXShellScriptBuildPhase section */

/* Begin PBXSourcesBuildPhase section */
		B5365F0219E59580000B780D /* Sources */ = {
			isa = PBXSourcesBuildPhase;
			buildActionMask = 2147483647;
			files = (
				B502792819E607C900BAD1F5 /* TBPRootViewController.m in Sources */,
				B5BDB2B219E6F7C8004184F8 /* TBPAuthViewController.m in Sources */,
				B502791919E5D80000BAD1F5 /* TBPArtistTableViewCell.m in Sources */,
				B5BDB2A919E644AA004184F8 /* TBPSettingsViewController.m in Sources */,
				B5365F4219E5A493000B780D /* NSString+TBP.m in Sources */,
				B502791419E5B19000BAD1F5 /* TBPAlbumCollectionViewCell.m in Sources */,
				B5BDB2A119E64024004184F8 /* TBPLastFMObjectManager.m in Sources */,
				B5BDB2A219E64024004184F8 /* TBPObjectManager.m in Sources */,
				B5A9806F19E772BF0072E3FB /* TBPModel.xcdatamodeld in Sources */,
				B5365F4519E5A8A1000B780D /* TBPNavigationViewController.m in Sources */,
				B5365F5919E5AE1B000B780D /* TBPLibraryItem.m in Sources */,
				B53572A219EC4D6A006E87A7 /* TBPCachedNowPlayingContext.m in Sources */,
				B5F176DC19E7267C00593D12 /* TBPPlayPauseView.m in Sources */,
				B502792C19E60A4300BAD1F5 /* TBPNowPlayingBarViewController.m in Sources */,
				B502792019E5DEC100BAD1F5 /* TBPTrackTableViewCell.m in Sources */,
				B5A9806919E7709D0072E3FB /* TBPDatabaseObject.m in Sources */,
				B5A9807219E774020072E3FB /* TBPQueuedScrobble.m in Sources */,
				B5365F5319E5ABD4000B780D /* TBPAlbumsNavigationViewController.m in Sources */,
				B5A9807519E77B940072E3FB /* TBPLastFMScrobbleQueue.m in Sources */,
				B5BDB2A019E64024004184F8 /* TBPLastFMAuthManager.m in Sources */,
				B5F176D919E70C8A00593D12 /* TBPActivityIndicatorView.m in Sources */,
				B5365F5619E5ABF0000B780D /* TBPAlbumsViewController.m in Sources */,
				B5BDB2AF19E6F157004184F8 /* TBPSettingsNavigationViewController.m in Sources */,
				B5365F4F19E5AB9C000B780D /* TBPArtistsNavigationViewController.m in Sources */,
				B5A9806619E76E510072E3FB /* TBPDatabase.m in Sources */,
				B5365F5019E5AB9C000B780D /* TBPArtistsViewController.m in Sources */,
				B5BDB2AC19E64CD7004184F8 /* TBPLastFMTrackManager.m in Sources */,
				B502792319E5E34800BAD1F5 /* TBPLibraryItemHeadingView.m in Sources */,
				B5365F3E19E5A351000B780D /* TBPLibraryModel.m in Sources */,
				B5BDB2A519E64044004184F8 /* TBPLastFMSession.m in Sources */,
				B5365F3319E5976A000B780D /* main.m in Sources */,
				B5365F0F19E59580000B780D /* TBPAppDelegate.m in Sources */,
				B502791D19E5DDA800BAD1F5 /* TBPAlbumViewController.m in Sources */,
			);
			runOnlyForDeploymentPostprocessing = 0;
		};
		B5365F1B19E59580000B780D /* Sources */ = {
			isa = PBXSourcesBuildPhase;
			buildActionMask = 2147483647;
			files = (
				B5365F2619E59580000B780D /* terrible_playerTests.m in Sources */,
			);
			runOnlyForDeploymentPostprocessing = 0;
		};
/* End PBXSourcesBuildPhase section */

/* Begin PBXTargetDependency section */
		B5365F2119E59580000B780D /* PBXTargetDependency */ = {
			isa = PBXTargetDependency;
			target = B5365F0519E59580000B780D /* terrible-player */;
			targetProxy = B5365F2019E59580000B780D /* PBXContainerItemProxy */;
		};
/* End PBXTargetDependency section */

/* Begin PBXVariantGroup section */
		B5365F1819E59580000B780D /* TBPLaunchScreen.xib */ = {
			isa = PBXVariantGroup;
			children = (
				B5365F1919E59580000B780D /* Base */,
			);
			name = TBPLaunchScreen.xib;
			sourceTree = "<group>";
		};
/* End PBXVariantGroup section */

/* Begin XCBuildConfiguration section */
		B5365F2719E59580000B780D /* Debug */ = {
			isa = XCBuildConfiguration;
			buildSettings = {
				ALWAYS_SEARCH_USER_PATHS = NO;
				CLANG_CXX_LANGUAGE_STANDARD = "gnu++0x";
				CLANG_CXX_LIBRARY = "libc++";
				CLANG_ENABLE_MODULES = YES;
				CLANG_ENABLE_OBJC_ARC = YES;
				CLANG_WARN_BOOL_CONVERSION = YES;
				CLANG_WARN_CONSTANT_CONVERSION = YES;
				CLANG_WARN_DIRECT_OBJC_ISA_USAGE = YES_ERROR;
				CLANG_WARN_EMPTY_BODY = YES;
				CLANG_WARN_ENUM_CONVERSION = YES;
				CLANG_WARN_INT_CONVERSION = YES;
				CLANG_WARN_OBJC_ROOT_CLASS = YES_ERROR;
				CLANG_WARN_UNREACHABLE_CODE = YES;
				CLANG_WARN__DUPLICATE_METHOD_MATCH = YES;
				"CODE_SIGN_IDENTITY[sdk=iphoneos*]" = "iPhone Developer";
				COPY_PHASE_STRIP = NO;
				ENABLE_STRICT_OBJC_MSGSEND = YES;
				ENABLE_TESTABILITY = YES;
				GCC_C_LANGUAGE_STANDARD = gnu99;
				GCC_DYNAMIC_NO_PIC = NO;
				GCC_OPTIMIZATION_LEVEL = 0;
				GCC_PREPROCESSOR_DEFINITIONS = (
					"DEBUG=1",
					"$(inherited)",
				);
				GCC_SYMBOLS_PRIVATE_EXTERN = NO;
				GCC_WARN_64_TO_32_BIT_CONVERSION = YES;
				GCC_WARN_ABOUT_RETURN_TYPE = YES_ERROR;
				GCC_WARN_UNDECLARED_SELECTOR = YES;
				GCC_WARN_UNINITIALIZED_AUTOS = YES_AGGRESSIVE;
				GCC_WARN_UNUSED_FUNCTION = YES;
				GCC_WARN_UNUSED_VARIABLE = YES;
				IPHONEOS_DEPLOYMENT_TARGET = 8.0;
				MTL_ENABLE_DEBUG_INFO = YES;
				ONLY_ACTIVE_ARCH = YES;
				SDKROOT = iphoneos;
			};
			name = Debug;
		};
		B5365F2819E59580000B780D /* Release */ = {
			isa = XCBuildConfiguration;
			buildSettings = {
				ALWAYS_SEARCH_USER_PATHS = NO;
				CLANG_CXX_LANGUAGE_STANDARD = "gnu++0x";
				CLANG_CXX_LIBRARY = "libc++";
				CLANG_ENABLE_MODULES = YES;
				CLANG_ENABLE_OBJC_ARC = YES;
				CLANG_WARN_BOOL_CONVERSION = YES;
				CLANG_WARN_CONSTANT_CONVERSION = YES;
				CLANG_WARN_DIRECT_OBJC_ISA_USAGE = YES_ERROR;
				CLANG_WARN_EMPTY_BODY = YES;
				CLANG_WARN_ENUM_CONVERSION = YES;
				CLANG_WARN_INT_CONVERSION = YES;
				CLANG_WARN_OBJC_ROOT_CLASS = YES_ERROR;
				CLANG_WARN_UNREACHABLE_CODE = YES;
				CLANG_WARN__DUPLICATE_METHOD_MATCH = YES;
				"CODE_SIGN_IDENTITY[sdk=iphoneos*]" = "iPhone Developer";
				COPY_PHASE_STRIP = YES;
				ENABLE_NS_ASSERTIONS = NO;
				ENABLE_STRICT_OBJC_MSGSEND = YES;
				GCC_C_LANGUAGE_STANDARD = gnu99;
				GCC_WARN_64_TO_32_BIT_CONVERSION = YES;
				GCC_WARN_ABOUT_RETURN_TYPE = YES_ERROR;
				GCC_WARN_UNDECLARED_SELECTOR = YES;
				GCC_WARN_UNINITIALIZED_AUTOS = YES_AGGRESSIVE;
				GCC_WARN_UNUSED_FUNCTION = YES;
				GCC_WARN_UNUSED_VARIABLE = YES;
				IPHONEOS_DEPLOYMENT_TARGET = 8.0;
				MTL_ENABLE_DEBUG_INFO = NO;
				SDKROOT = iphoneos;
				VALIDATE_PRODUCT = YES;
			};
			name = Release;
		};
		B5365F2A19E59580000B780D /* Debug */ = {
			isa = XCBuildConfiguration;
			baseConfigurationReference = 60DB3B57266813A036AA1820 /* Pods.debug.xcconfig */;
			buildSettings = {
				ASSETCATALOG_COMPILER_APPICON_NAME = AppIcon;
				CODE_SIGN_IDENTITY = "iPhone Developer";
				GCC_PRECOMPILE_PREFIX_HEADER = YES;
				GCC_PREFIX_HEADER = "terrible-player/supporting/TBP-prefix.pch";
				INFOPLIST_FILE = "$(SRCROOT)/terrible-player/supporting/Info.plist";
				LD_RUNPATH_SEARCH_PATHS = "$(inherited) @executable_path/Frameworks";
				PRODUCT_BUNDLE_IDENTIFIER = "com.terribleben.$(PRODUCT_NAME:rfc1034identifier)";
				PRODUCT_NAME = "$(TARGET_NAME)";
			};
			name = Debug;
		};
		B5365F2B19E59580000B780D /* Release */ = {
			isa = XCBuildConfiguration;
			baseConfigurationReference = B2DE1BC1D4D8C7E33EBE1144 /* Pods.release.xcconfig */;
			buildSettings = {
				ASSETCATALOG_COMPILER_APPICON_NAME = AppIcon;
				CODE_SIGN_IDENTITY = "iPhone Developer";
				GCC_PRECOMPILE_PREFIX_HEADER = YES;
				GCC_PREFIX_HEADER = "terrible-player/supporting/TBP-prefix.pch";
				INFOPLIST_FILE = "$(SRCROOT)/terrible-player/supporting/Info.plist";
				LD_RUNPATH_SEARCH_PATHS = "$(inherited) @executable_path/Frameworks";
				PRODUCT_BUNDLE_IDENTIFIER = "com.terribleben.$(PRODUCT_NAME:rfc1034identifier)";
				PRODUCT_NAME = "$(TARGET_NAME)";
			};
			name = Release;
		};
		B5365F2D19E59580000B780D /* Debug */ = {
			isa = XCBuildConfiguration;
			buildSettings = {
				BUNDLE_LOADER = "$(TEST_HOST)";
				FRAMEWORK_SEARCH_PATHS = (
					"$(SDKROOT)/Developer/Library/Frameworks",
					"$(inherited)",
				);
				GCC_PREPROCESSOR_DEFINITIONS = (
					"DEBUG=1",
					"$(inherited)",
				);
				INFOPLIST_FILE = "terrible-playerTests/Info.plist";
				LD_RUNPATH_SEARCH_PATHS = "$(inherited) @executable_path/Frameworks @loader_path/Frameworks";
				PRODUCT_BUNDLE_IDENTIFIER = "com.terribleben.$(PRODUCT_NAME:rfc1034identifier)";
				PRODUCT_NAME = "$(TARGET_NAME)";
				TEST_HOST = "$(BUILT_PRODUCTS_DIR)/terrible-player.app/terrible-player";
			};
			name = Debug;
		};
		B5365F2E19E59580000B780D /* Release */ = {
			isa = XCBuildConfiguration;
			buildSettings = {
				BUNDLE_LOADER = "$(TEST_HOST)";
				FRAMEWORK_SEARCH_PATHS = (
					"$(SDKROOT)/Developer/Library/Frameworks",
					"$(inherited)",
				);
				INFOPLIST_FILE = "terrible-playerTests/Info.plist";
				LD_RUNPATH_SEARCH_PATHS = "$(inherited) @executable_path/Frameworks @loader_path/Frameworks";
				PRODUCT_BUNDLE_IDENTIFIER = "com.terribleben.$(PRODUCT_NAME:rfc1034identifier)";
				PRODUCT_NAME = "$(TARGET_NAME)";
				TEST_HOST = "$(BUILT_PRODUCTS_DIR)/terrible-player.app/terrible-player";
			};
			name = Release;
		};
/* End XCBuildConfiguration section */

/* Begin XCConfigurationList section */
		B5365F0119E5957F000B780D /* Build configuration list for PBXProject "terrible-player" */ = {
			isa = XCConfigurationList;
			buildConfigurations = (
				B5365F2719E59580000B780D /* Debug */,
				B5365F2819E59580000B780D /* Release */,
			);
			defaultConfigurationIsVisible = 0;
			defaultConfigurationName = Release;
		};
		B5365F2919E59580000B780D /* Build configuration list for PBXNativeTarget "terrible-player" */ = {
			isa = XCConfigurationList;
			buildConfigurations = (
				B5365F2A19E59580000B780D /* Debug */,
				B5365F2B19E59580000B780D /* Release */,
			);
			defaultConfigurationIsVisible = 0;
			defaultConfigurationName = Release;
		};
		B5365F2C19E59580000B780D /* Build configuration list for PBXNativeTarget "terrible-playerTests" */ = {
			isa = XCConfigurationList;
			buildConfigurations = (
				B5365F2D19E59580000B780D /* Debug */,
				B5365F2E19E59580000B780D /* Release */,
			);
			defaultConfigurationIsVisible = 0;
			defaultConfigurationName = Release;
		};
/* End XCConfigurationList section */

/* Begin XCVersionGroup section */
		B5A9806D19E772BF0072E3FB /* TBPModel.xcdatamodeld */ = {
			isa = XCVersionGroup;
			children = (
				B5A9806E19E772BF0072E3FB /* TBPModel.xcdatamodel */,
			);
			currentVersion = B5A9806E19E772BF0072E3FB /* TBPModel.xcdatamodel */;
			path = TBPModel.xcdatamodeld;
			sourceTree = "<group>";
			versionGroupType = wrapper.xcdatamodel;
		};
/* End XCVersionGroup section */
	};
	rootObject = B5365EFE19E5957F000B780D /* Project object */;
}
