<?xml version="1.0" encoding="UTF-8"?>
<!DOCTYPE plist PUBLIC "-//Apple//DTD PLIST 1.0//EN" "http://www.apple.com/DTDs/PropertyList-1.0.dtd">
<plist version="1.0">
<dict>
	<key>archiveVersion</key>
	<string>1</string>
	<key>classes</key>
	<dict/>
	<key>objectVersion</key>
	<string>46</string>
	<key>objects</key>
	<dict>
		<key>00376318FC264AE2B3FA0205</key>
		<dict>
			<key>buildActionMask</key>
			<string>2147483647</string>
			<key>files</key>
			<array/>
			<key>inputPaths</key>
			<array/>
			<key>isa</key>
			<string>PBXShellScriptBuildPhase</string>
			<key>name</key>
			<string>Check Pods Manifest.lock</string>
			<key>outputPaths</key>
			<array/>
			<key>runOnlyForDeploymentPostprocessing</key>
			<string>0</string>
			<key>shellPath</key>
			<string>/bin/sh</string>
			<key>shellScript</key>
			<string>diff "${PODS_ROOT}/../Podfile.lock" "${PODS_ROOT}/Manifest.lock" &gt; /dev/null
if [[ $? != 0 ]] ; then
    cat &lt;&lt; EOM
error: The sandbox is not in sync with the Podfile.lock. Run 'pod install' or update your CocoaPods installation.
EOM
    exit 1
fi
</string>
			<key>showEnvVarsInLog</key>
			<string>0</string>
		</dict>
		<key>4B296EAC6CB70F4282CFA861</key>
		<dict>
			<key>children</key>
			<array>
				<string>60DB3B57266813A036AA1820</string>
				<string>B2DE1BC1D4D8C7E33EBE1144</string>
			</array>
			<key>isa</key>
			<string>PBXGroup</string>
			<key>name</key>
			<string>Pods</string>
			<key>sourceTree</key>
			<string>&lt;group&gt;</string>
		</dict>
		<key>60DB3B57266813A036AA1820</key>
		<dict>
			<key>includeInIndex</key>
			<string>1</string>
			<key>isa</key>
			<string>PBXFileReference</string>
			<key>lastKnownFileType</key>
			<string>text.xcconfig</string>
			<key>name</key>
			<string>Pods.debug.xcconfig</string>
			<key>path</key>
			<string>Pods/Target Support Files/Pods/Pods.debug.xcconfig</string>
			<key>sourceTree</key>
			<string>&lt;group&gt;</string>
		</dict>
		<key>6FB0A630AD00400B80DDFEAC</key>
		<dict>
			<key>buildActionMask</key>
			<string>2147483647</string>
			<key>files</key>
			<array/>
			<key>inputPaths</key>
			<array/>
			<key>isa</key>
			<string>PBXShellScriptBuildPhase</string>
			<key>name</key>
			<string>Copy Pods Resources</string>
			<key>outputPaths</key>
			<array/>
			<key>runOnlyForDeploymentPostprocessing</key>
			<string>0</string>
			<key>shellPath</key>
			<string>/bin/sh</string>
			<key>shellScript</key>
			<string>"${SRCROOT}/Pods/Target Support Files/Pods/Pods-resources.sh"
</string>
			<key>showEnvVarsInLog</key>
			<string>0</string>
		</dict>
		<key>773720CD89AF46CD957A9DB0</key>
		<dict>
			<key>explicitFileType</key>
			<string>archive.ar</string>
			<key>includeInIndex</key>
			<string>0</string>
			<key>isa</key>
			<string>PBXFileReference</string>
			<key>path</key>
			<string>libPods.a</string>
			<key>sourceTree</key>
			<string>BUILT_PRODUCTS_DIR</string>
		</dict>
		<key>7E495DBCD4B049909F0FD666</key>
		<dict>
			<key>fileRef</key>
			<string>773720CD89AF46CD957A9DB0</string>
			<key>isa</key>
			<string>PBXBuildFile</string>
		</dict>
		<key>B2DE1BC1D4D8C7E33EBE1144</key>
		<dict>
			<key>includeInIndex</key>
			<string>1</string>
			<key>isa</key>
			<string>PBXFileReference</string>
			<key>lastKnownFileType</key>
			<string>text.xcconfig</string>
			<key>name</key>
			<string>Pods.release.xcconfig</string>
			<key>path</key>
			<string>Pods/Target Support Files/Pods/Pods.release.xcconfig</string>
			<key>sourceTree</key>
			<string>&lt;group&gt;</string>
		</dict>
		<key>B502791219E5B19000BAD1F5</key>
		<dict>
			<key>fileEncoding</key>
			<string>4</string>
			<key>isa</key>
			<string>PBXFileReference</string>
			<key>lastKnownFileType</key>
			<string>sourcecode.c.h</string>
			<key>path</key>
			<string>TBPAlbumCollectionViewCell.h</string>
			<key>sourceTree</key>
			<string>&lt;group&gt;</string>
		</dict>
		<key>B502791319E5B19000BAD1F5</key>
		<dict>
			<key>fileEncoding</key>
			<string>4</string>
			<key>isa</key>
			<string>PBXFileReference</string>
			<key>lastKnownFileType</key>
			<string>sourcecode.c.objc</string>
			<key>path</key>
			<string>TBPAlbumCollectionViewCell.m</string>
			<key>sourceTree</key>
			<string>&lt;group&gt;</string>
		</dict>
		<key>B502791419E5B19000BAD1F5</key>
		<dict>
			<key>fileRef</key>
			<string>B502791319E5B19000BAD1F5</string>
			<key>isa</key>
			<string>PBXBuildFile</string>
		</dict>
		<key>B502791519E5B26900BAD1F5</key>
		<dict>
			<key>isa</key>
			<string>PBXFileReference</string>
			<key>lastKnownFileType</key>
			<string>wrapper.framework</string>
			<key>name</key>
			<string>AssetsLibrary.framework</string>
			<key>path</key>
			<string>System/Library/Frameworks/AssetsLibrary.framework</string>
			<key>sourceTree</key>
			<string>SDKROOT</string>
		</dict>
		<key>B502791619E5B26900BAD1F5</key>
		<dict>
			<key>fileRef</key>
			<string>B502791519E5B26900BAD1F5</string>
			<key>isa</key>
			<string>PBXBuildFile</string>
		</dict>
		<key>B502791719E5D80000BAD1F5</key>
		<dict>
			<key>fileEncoding</key>
			<string>4</string>
			<key>isa</key>
			<string>PBXFileReference</string>
			<key>lastKnownFileType</key>
			<string>sourcecode.c.h</string>
			<key>path</key>
			<string>TBPArtistTableViewCell.h</string>
			<key>sourceTree</key>
			<string>&lt;group&gt;</string>
		</dict>
		<key>B502791819E5D80000BAD1F5</key>
		<dict>
			<key>fileEncoding</key>
			<string>4</string>
			<key>isa</key>
			<string>PBXFileReference</string>
			<key>lastKnownFileType</key>
			<string>sourcecode.c.objc</string>
			<key>path</key>
			<string>TBPArtistTableViewCell.m</string>
			<key>sourceTree</key>
			<string>&lt;group&gt;</string>
		</dict>
		<key>B502791919E5D80000BAD1F5</key>
		<dict>
			<key>fileRef</key>
			<string>B502791819E5D80000BAD1F5</string>
			<key>isa</key>
			<string>PBXBuildFile</string>
		</dict>
		<key>B502791A19E5DD7D00BAD1F5</key>
		<dict>
			<key>children</key>
			<array>
				<string>B502791B19E5DDA800BAD1F5</string>
				<string>B502791C19E5DDA800BAD1F5</string>
				<string>B502791E19E5DEC100BAD1F5</string>
				<string>B502791F19E5DEC100BAD1F5</string>
			</array>
			<key>isa</key>
			<string>PBXGroup</string>
			<key>path</key>
			<string>album</string>
			<key>sourceTree</key>
			<string>&lt;group&gt;</string>
		</dict>
		<key>B502791B19E5DDA800BAD1F5</key>
		<dict>
			<key>fileEncoding</key>
			<string>4</string>
			<key>isa</key>
			<string>PBXFileReference</string>
			<key>lastKnownFileType</key>
			<string>sourcecode.c.h</string>
			<key>path</key>
			<string>TBPAlbumViewController.h</string>
			<key>sourceTree</key>
			<string>&lt;group&gt;</string>
		</dict>
		<key>B502791C19E5DDA800BAD1F5</key>
		<dict>
			<key>fileEncoding</key>
			<string>4</string>
			<key>isa</key>
			<string>PBXFileReference</string>
			<key>lastKnownFileType</key>
			<string>sourcecode.c.objc</string>
			<key>path</key>
			<string>TBPAlbumViewController.m</string>
			<key>sourceTree</key>
			<string>&lt;group&gt;</string>
		</dict>
		<key>B502791D19E5DDA800BAD1F5</key>
		<dict>
			<key>fileRef</key>
			<string>B502791C19E5DDA800BAD1F5</string>
			<key>isa</key>
			<string>PBXBuildFile</string>
		</dict>
		<key>B502791E19E5DEC100BAD1F5</key>
		<dict>
			<key>fileEncoding</key>
			<string>4</string>
			<key>isa</key>
			<string>PBXFileReference</string>
			<key>lastKnownFileType</key>
			<string>sourcecode.c.h</string>
			<key>path</key>
			<string>TBPTrackTableViewCell.h</string>
			<key>sourceTree</key>
			<string>&lt;group&gt;</string>
		</dict>
		<key>B502791F19E5DEC100BAD1F5</key>
		<dict>
			<key>fileEncoding</key>
			<string>4</string>
			<key>isa</key>
			<string>PBXFileReference</string>
			<key>lastKnownFileType</key>
			<string>sourcecode.c.objc</string>
			<key>path</key>
			<string>TBPTrackTableViewCell.m</string>
			<key>sourceTree</key>
			<string>&lt;group&gt;</string>
		</dict>
		<key>B502792019E5DEC100BAD1F5</key>
		<dict>
			<key>fileRef</key>
			<string>B502791F19E5DEC100BAD1F5</string>
			<key>isa</key>
			<string>PBXBuildFile</string>
		</dict>
		<key>B502792119E5E34800BAD1F5</key>
		<dict>
			<key>fileEncoding</key>
			<string>4</string>
			<key>isa</key>
			<string>PBXFileReference</string>
			<key>lastKnownFileType</key>
			<string>sourcecode.c.h</string>
			<key>path</key>
			<string>TBPLibraryItemHeadingView.h</string>
			<key>sourceTree</key>
			<string>&lt;group&gt;</string>
		</dict>
		<key>B502792219E5E34800BAD1F5</key>
		<dict>
			<key>fileEncoding</key>
			<string>4</string>
			<key>isa</key>
			<string>PBXFileReference</string>
			<key>lastKnownFileType</key>
			<string>sourcecode.c.objc</string>
			<key>path</key>
			<string>TBPLibraryItemHeadingView.m</string>
			<key>sourceTree</key>
			<string>&lt;group&gt;</string>
		</dict>
		<key>B502792319E5E34800BAD1F5</key>
		<dict>
			<key>fileRef</key>
			<string>B502792219E5E34800BAD1F5</string>
			<key>isa</key>
			<string>PBXBuildFile</string>
		</dict>
		<key>B502792419E5E71600BAD1F5</key>
		<dict>
			<key>isa</key>
			<string>PBXFileReference</string>
			<key>lastKnownFileType</key>
			<string>sourcecode.c.h</string>
			<key>path</key>
			<string>TBPConstants.h</string>
			<key>sourceTree</key>
			<string>&lt;group&gt;</string>
		</dict>
		<key>B502792519E5E7BC00BAD1F5</key>
		<dict>
			<key>isa</key>
			<string>PBXFileReference</string>
			<key>lastKnownFileType</key>
			<string>sourcecode.c.h</string>
			<key>path</key>
			<string>TBP-prefix.pch</string>
			<key>sourceTree</key>
			<string>&lt;group&gt;</string>
		</dict>
		<key>B502792619E607C900BAD1F5</key>
		<dict>
			<key>fileEncoding</key>
			<string>4</string>
			<key>isa</key>
			<string>PBXFileReference</string>
			<key>lastKnownFileType</key>
			<string>sourcecode.c.h</string>
			<key>path</key>
			<string>TBPRootViewController.h</string>
			<key>sourceTree</key>
			<string>&lt;group&gt;</string>
		</dict>
		<key>B502792719E607C900BAD1F5</key>
		<dict>
			<key>fileEncoding</key>
			<string>4</string>
			<key>isa</key>
			<string>PBXFileReference</string>
			<key>lastKnownFileType</key>
			<string>sourcecode.c.objc</string>
			<key>path</key>
			<string>TBPRootViewController.m</string>
			<key>sourceTree</key>
			<string>&lt;group&gt;</string>
		</dict>
		<key>B502792819E607C900BAD1F5</key>
		<dict>
			<key>fileRef</key>
			<string>B502792719E607C900BAD1F5</string>
			<key>isa</key>
			<string>PBXBuildFile</string>
		</dict>
		<key>B502792919E60A3400BAD1F5</key>
		<dict>
			<key>children</key>
			<array>
				<string>B502792A19E60A4300BAD1F5</string>
				<string>B502792B19E60A4300BAD1F5</string>
				<string>B5F176DA19E7267C00593D12</string>
				<string>B5F176DB19E7267C00593D12</string>
			</array>
			<key>isa</key>
			<string>PBXGroup</string>
			<key>path</key>
			<string>nowplaying</string>
			<key>sourceTree</key>
			<string>&lt;group&gt;</string>
		</dict>
		<key>B502792A19E60A4300BAD1F5</key>
		<dict>
			<key>fileEncoding</key>
			<string>4</string>
			<key>isa</key>
			<string>PBXFileReference</string>
			<key>lastKnownFileType</key>
			<string>sourcecode.c.h</string>
			<key>path</key>
			<string>TBPNowPlayingBarViewController.h</string>
			<key>sourceTree</key>
			<string>&lt;group&gt;</string>
		</dict>
		<key>B502792B19E60A4300BAD1F5</key>
		<dict>
			<key>fileEncoding</key>
			<string>4</string>
			<key>isa</key>
			<string>PBXFileReference</string>
			<key>lastKnownFileType</key>
			<string>sourcecode.c.objc</string>
			<key>path</key>
			<string>TBPNowPlayingBarViewController.m</string>
			<key>sourceTree</key>
			<string>&lt;group&gt;</string>
		</dict>
		<key>B502792C19E60A4300BAD1F5</key>
		<dict>
			<key>fileRef</key>
			<string>B502792B19E60A4300BAD1F5</string>
			<key>isa</key>
			<string>PBXBuildFile</string>
		</dict>
		<key>B53572A019EC4D6A006E87A7</key>
		<dict>
			<key>fileEncoding</key>
			<string>4</string>
			<key>isa</key>
			<string>PBXFileReference</string>
			<key>lastKnownFileType</key>
			<string>sourcecode.c.h</string>
			<key>path</key>
			<string>TBPCachedNowPlayingContext.h</string>
			<key>sourceTree</key>
			<string>&lt;group&gt;</string>
		</dict>
		<key>B53572A119EC4D6A006E87A7</key>
		<dict>
			<key>fileEncoding</key>
			<string>4</string>
			<key>isa</key>
			<string>PBXFileReference</string>
			<key>lastKnownFileType</key>
			<string>sourcecode.c.objc</string>
			<key>path</key>
			<string>TBPCachedNowPlayingContext.m</string>
			<key>sourceTree</key>
			<string>&lt;group&gt;</string>
		</dict>
		<key>B53572A219EC4D6A006E87A7</key>
		<dict>
			<key>fileRef</key>
			<string>B53572A119EC4D6A006E87A7</string>
			<key>isa</key>
			<string>PBXBuildFile</string>
		</dict>
		<key>B5365EFD19E5957F000B780D</key>
		<dict>
			<key>children</key>
			<array>
				<string>B5365F0819E59580000B780D</string>
				<string>B5365F2219E59580000B780D</string>
				<string>B5365F0719E59580000B780D</string>
				<string>F13FCC0EF82A4D08A6BA5291</string>
				<string>4B296EAC6CB70F4282CFA861</string>
			</array>
			<key>isa</key>
			<string>PBXGroup</string>
			<key>sourceTree</key>
			<string>&lt;group&gt;</string>
		</dict>
		<key>B5365EFE19E5957F000B780D</key>
		<dict>
			<key>attributes</key>
			<dict>
				<key>CLASSPREFIX</key>
				<string>TBP</string>
				<key>LastUpgradeCheck</key>
				<string>0600</string>
				<key>ORGANIZATIONNAME</key>
				<string>Ben Roth</string>
				<key>TargetAttributes</key>
				<dict>
					<key>B5365F0519E59580000B780D</key>
					<dict>
						<key>CreatedOnToolsVersion</key>
						<string>6.0.1</string>
						<key>DevelopmentTeam</key>
						<string>79EBH94J28</string>
						<key>SystemCapabilities</key>
						<dict>
							<key>com.apple.BackgroundModes</key>
							<dict>
								<key>enabled</key>
								<string>0</string>
							</dict>
						</dict>
					</dict>
					<key>B5365F1E19E59580000B780D</key>
					<dict>
						<key>CreatedOnToolsVersion</key>
						<string>6.0.1</string>
						<key>TestTargetID</key>
						<string>B5365F0519E59580000B780D</string>
					</dict>
				</dict>
			</dict>
			<key>buildConfigurationList</key>
			<string>B5365F0119E5957F000B780D</string>
			<key>compatibilityVersion</key>
			<string>Xcode 3.2</string>
			<key>developmentRegion</key>
			<string>English</string>
			<key>hasScannedForEncodings</key>
			<string>0</string>
			<key>isa</key>
			<string>PBXProject</string>
			<key>knownRegions</key>
			<array>
				<string>en</string>
				<string>Base</string>
			</array>
			<key>mainGroup</key>
			<string>B5365EFD19E5957F000B780D</string>
			<key>productRefGroup</key>
			<string>B5365F0719E59580000B780D</string>
			<key>projectDirPath</key>
			<string></string>
			<key>projectReferences</key>
			<array/>
			<key>projectRoot</key>
			<string></string>
			<key>targets</key>
			<array>
				<string>B5365F0519E59580000B780D</string>
				<string>B5365F1E19E59580000B780D</string>
			</array>
		</dict>
		<key>B5365F0119E5957F000B780D</key>
		<dict>
			<key>buildConfigurations</key>
			<array>
				<string>B5365F2719E59580000B780D</string>
				<string>B5365F2819E59580000B780D</string>
			</array>
			<key>defaultConfigurationIsVisible</key>
			<string>0</string>
			<key>defaultConfigurationName</key>
			<string>Release</string>
			<key>isa</key>
			<string>XCConfigurationList</string>
		</dict>
		<key>B5365F0219E59580000B780D</key>
		<dict>
			<key>buildActionMask</key>
			<string>2147483647</string>
			<key>files</key>
			<array>
				<string>B502792819E607C900BAD1F5</string>
				<string>B5BDB2B219E6F7C8004184F8</string>
				<string>B502791919E5D80000BAD1F5</string>
				<string>B5BDB2A919E644AA004184F8</string>
				<string>B5365F4219E5A493000B780D</string>
				<string>B502791419E5B19000BAD1F5</string>
				<string>B5BDB2A119E64024004184F8</string>
				<string>B5BDB2A219E64024004184F8</string>
				<string>B5A9806F19E772BF0072E3FB</string>
				<string>B5365F4519E5A8A1000B780D</string>
				<string>B5365F5919E5AE1B000B780D</string>
				<string>B53572A219EC4D6A006E87A7</string>
				<string>B5F176DC19E7267C00593D12</string>
				<string>B502792C19E60A4300BAD1F5</string>
				<string>B502792019E5DEC100BAD1F5</string>
				<string>B5A9806919E7709D0072E3FB</string>
				<string>B5A9807219E774020072E3FB</string>
				<string>B5365F5319E5ABD4000B780D</string>
				<string>B5A9807519E77B940072E3FB</string>
				<string>B5BDB2A019E64024004184F8</string>
				<string>B5F176D919E70C8A00593D12</string>
				<string>B5365F5619E5ABF0000B780D</string>
				<string>B5BDB2AF19E6F157004184F8</string>
				<string>B5365F4F19E5AB9C000B780D</string>
				<string>B5A9806619E76E510072E3FB</string>
				<string>B5365F5019E5AB9C000B780D</string>
				<string>B5BDB2AC19E64CD7004184F8</string>
				<string>B502792319E5E34800BAD1F5</string>
				<string>B5365F3E19E5A351000B780D</string>
				<string>B5BDB2A519E64044004184F8</string>
				<string>B5365F3319E5976A000B780D</string>
				<string>B5365F0F19E59580000B780D</string>
				<string>B502791D19E5DDA800BAD1F5</string>
			</array>
			<key>isa</key>
			<string>PBXSourcesBuildPhase</string>
			<key>runOnlyForDeploymentPostprocessing</key>
			<string>0</string>
		</dict>
		<key>B5365F0319E59580000B780D</key>
		<dict>
			<key>buildActionMask</key>
			<string>2147483647</string>
			<key>files</key>
			<array>
				<string>B502791619E5B26900BAD1F5</string>
				<string>B5365F3519E598F2000B780D</string>
				<string>7E495DBCD4B049909F0FD666</string>
			</array>
			<key>isa</key>
			<string>PBXFrameworksBuildPhase</string>
			<key>runOnlyForDeploymentPostprocessing</key>
			<string>0</string>
		</dict>
		<key>B5365F0419E59580000B780D</key>
		<dict>
			<key>buildActionMask</key>
			<string>2147483647</string>
			<key>files</key>
			<array>
				<string>B5BDB29419E638CB004184F8</string>
				<string>B5365F1719E59580000B780D</string>
			</array>
			<key>isa</key>
			<string>PBXResourcesBuildPhase</string>
			<key>runOnlyForDeploymentPostprocessing</key>
			<string>0</string>
		</dict>
		<key>B5365F0519E59580000B780D</key>
		<dict>
			<key>buildConfigurationList</key>
			<string>B5365F2919E59580000B780D</string>
			<key>buildPhases</key>
			<array>
				<string>00376318FC264AE2B3FA0205</string>
				<string>B5365F0219E59580000B780D</string>
				<string>B5365F0319E59580000B780D</string>
				<string>B5365F0419E59580000B780D</string>
				<string>6FB0A630AD00400B80DDFEAC</string>
			</array>
			<key>buildRules</key>
			<array/>
			<key>dependencies</key>
			<array/>
			<key>isa</key>
			<string>PBXNativeTarget</string>
			<key>name</key>
			<string>terrible-player</string>
			<key>productName</key>
			<string>terrible-player</string>
			<key>productReference</key>
			<string>B5365F0619E59580000B780D</string>
			<key>productType</key>
			<string>com.apple.product-type.application</string>
		</dict>
		<key>B5365F0619E59580000B780D</key>
		<dict>
			<key>explicitFileType</key>
			<string>wrapper.application</string>
			<key>includeInIndex</key>
			<string>0</string>
			<key>isa</key>
			<string>PBXFileReference</string>
			<key>path</key>
			<string>terrible-player.app</string>
			<key>sourceTree</key>
			<string>BUILT_PRODUCTS_DIR</string>
		</dict>
		<key>B5365F0719E59580000B780D</key>
		<dict>
			<key>children</key>
			<array>
				<string>B5365F0619E59580000B780D</string>
				<string>B5365F1F19E59580000B780D</string>
			</array>
			<key>isa</key>
			<string>PBXGroup</string>
			<key>name</key>
			<string>Products</string>
			<key>sourceTree</key>
			<string>&lt;group&gt;</string>
		</dict>
		<key>B5365F0819E59580000B780D</key>
		<dict>
			<key>children</key>
			<array>
				<string>B5365F0D19E59580000B780D</string>
				<string>B5365F0E19E59580000B780D</string>
				<string>B502792619E607C900BAD1F5</string>
				<string>B502792719E607C900BAD1F5</string>
				<string>B5365F1619E59580000B780D</string>
				<string>B5365F1819E59580000B780D</string>
				<string>B5365F3F19E5A46C000B780D</string>
				<string>B5BDB28C19E632D7004184F8</string>
				<string>B5365F3B19E5A33F000B780D</string>
				<string>B5A9806319E7614A0072E3FB</string>
				<string>B5365F4A19E5AB9C000B780D</string>
				<string>B5365F4919E5AB9C000B780D</string>
				<string>B502791A19E5DD7D00BAD1F5</string>
				<string>B502792919E60A3400BAD1F5</string>
				<string>B5BDB2A619E64498004184F8</string>
				<string>B5365F3619E59901000B780D</string>
				<string>B5365F2F19E5976A000B780D</string>
			</array>
			<key>isa</key>
			<string>PBXGroup</string>
			<key>path</key>
			<string>terrible-player</string>
			<key>sourceTree</key>
			<string>&lt;group&gt;</string>
		</dict>
		<key>B5365F0D19E59580000B780D</key>
		<dict>
			<key>isa</key>
			<string>PBXFileReference</string>
			<key>lastKnownFileType</key>
			<string>sourcecode.c.h</string>
			<key>path</key>
			<string>TBPAppDelegate.h</string>
			<key>sourceTree</key>
			<string>&lt;group&gt;</string>
		</dict>
		<key>B5365F0E19E59580000B780D</key>
		<dict>
			<key>isa</key>
			<string>PBXFileReference</string>
			<key>lastKnownFileType</key>
			<string>sourcecode.c.objc</string>
			<key>path</key>
			<string>TBPAppDelegate.m</string>
			<key>sourceTree</key>
			<string>&lt;group&gt;</string>
		</dict>
		<key>B5365F0F19E59580000B780D</key>
		<dict>
			<key>fileRef</key>
			<string>B5365F0E19E59580000B780D</string>
			<key>isa</key>
			<string>PBXBuildFile</string>
		</dict>
		<key>B5365F1619E59580000B780D</key>
		<dict>
			<key>isa</key>
			<string>PBXFileReference</string>
			<key>lastKnownFileType</key>
			<string>folder.assetcatalog</string>
			<key>path</key>
			<string>TBPImages.xcassets</string>
			<key>sourceTree</key>
			<string>&lt;group&gt;</string>
		</dict>
		<key>B5365F1719E59580000B780D</key>
		<dict>
			<key>fileRef</key>
			<string>B5365F1619E59580000B780D</string>
			<key>isa</key>
			<string>PBXBuildFile</string>
		</dict>
		<key>B5365F1819E59580000B780D</key>
		<dict>
			<key>children</key>
			<array>
				<string>B5365F1919E59580000B780D</string>
			</array>
			<key>isa</key>
			<string>PBXVariantGroup</string>
			<key>name</key>
			<string>TBPLaunchScreen.xib</string>
			<key>sourceTree</key>
			<string>&lt;group&gt;</string>
		</dict>
		<key>B5365F1919E59580000B780D</key>
		<dict>
			<key>isa</key>
			<string>PBXFileReference</string>
			<key>lastKnownFileType</key>
			<string>file.xib</string>
			<key>name</key>
			<string>Base</string>
			<key>path</key>
			<string>Base.lproj/TBPLaunchScreen.xib</string>
			<key>sourceTree</key>
			<string>&lt;group&gt;</string>
		</dict>
		<key>B5365F1B19E59580000B780D</key>
		<dict>
			<key>buildActionMask</key>
			<string>2147483647</string>
			<key>files</key>
			<array>
				<string>B5365F2619E59580000B780D</string>
			</array>
			<key>isa</key>
			<string>PBXSourcesBuildPhase</string>
			<key>runOnlyForDeploymentPostprocessing</key>
			<string>0</string>
		</dict>
		<key>B5365F1C19E59580000B780D</key>
		<dict>
			<key>buildActionMask</key>
			<string>2147483647</string>
			<key>files</key>
			<array/>
			<key>isa</key>
			<string>PBXFrameworksBuildPhase</string>
			<key>runOnlyForDeploymentPostprocessing</key>
			<string>0</string>
		</dict>
		<key>B5365F1D19E59580000B780D</key>
		<dict>
			<key>buildActionMask</key>
			<string>2147483647</string>
			<key>files</key>
			<array/>
			<key>isa</key>
			<string>PBXResourcesBuildPhase</string>
			<key>runOnlyForDeploymentPostprocessing</key>
			<string>0</string>
		</dict>
		<key>B5365F1E19E59580000B780D</key>
		<dict>
			<key>buildConfigurationList</key>
			<string>B5365F2C19E59580000B780D</string>
			<key>buildPhases</key>
			<array>
				<string>B5365F1B19E59580000B780D</string>
				<string>B5365F1C19E59580000B780D</string>
				<string>B5365F1D19E59580000B780D</string>
			</array>
			<key>buildRules</key>
			<array/>
			<key>dependencies</key>
			<array>
				<string>B5365F2119E59580000B780D</string>
			</array>
			<key>isa</key>
			<string>PBXNativeTarget</string>
			<key>name</key>
			<string>terrible-playerTests</string>
			<key>productName</key>
			<string>terrible-playerTests</string>
			<key>productReference</key>
			<string>B5365F1F19E59580000B780D</string>
			<key>productType</key>
			<string>com.apple.product-type.bundle.unit-test</string>
		</dict>
		<key>B5365F1F19E59580000B780D</key>
		<dict>
			<key>explicitFileType</key>
			<string>wrapper.cfbundle</string>
			<key>includeInIndex</key>
			<string>0</string>
			<key>isa</key>
			<string>PBXFileReference</string>
			<key>path</key>
			<string>terrible-playerTests.xctest</string>
			<key>sourceTree</key>
			<string>BUILT_PRODUCTS_DIR</string>
		</dict>
		<key>B5365F2019E59580000B780D</key>
		<dict>
			<key>containerPortal</key>
			<string>B5365EFE19E5957F000B780D</string>
			<key>isa</key>
			<string>PBXContainerItemProxy</string>
			<key>proxyType</key>
			<string>1</string>
			<key>remoteGlobalIDString</key>
			<string>B5365F0519E59580000B780D</string>
			<key>remoteInfo</key>
			<string>terrible-player</string>
		</dict>
		<key>B5365F2119E59580000B780D</key>
		<dict>
			<key>isa</key>
			<string>PBXTargetDependency</string>
			<key>target</key>
			<string>B5365F0519E59580000B780D</string>
			<key>targetProxy</key>
			<string>B5365F2019E59580000B780D</string>
		</dict>
		<key>B5365F2219E59580000B780D</key>
		<dict>
			<key>children</key>
			<array>
				<string>B5365F2519E59580000B780D</string>
				<string>B5365F2319E59580000B780D</string>
			</array>
			<key>isa</key>
			<string>PBXGroup</string>
			<key>path</key>
			<string>terrible-playerTests</string>
			<key>sourceTree</key>
			<string>&lt;group&gt;</string>
		</dict>
		<key>B5365F2319E59580000B780D</key>
		<dict>
			<key>children</key>
			<array>
				<string>B5365F2419E59580000B780D</string>
			</array>
			<key>isa</key>
			<string>PBXGroup</string>
			<key>name</key>
			<string>Supporting Files</string>
			<key>sourceTree</key>
			<string>&lt;group&gt;</string>
		</dict>
		<key>B5365F2419E59580000B780D</key>
		<dict>
			<key>isa</key>
			<string>PBXFileReference</string>
			<key>lastKnownFileType</key>
			<string>text.plist.xml</string>
			<key>path</key>
			<string>Info.plist</string>
			<key>sourceTree</key>
			<string>&lt;group&gt;</string>
		</dict>
		<key>B5365F2519E59580000B780D</key>
		<dict>
			<key>isa</key>
			<string>PBXFileReference</string>
			<key>lastKnownFileType</key>
			<string>sourcecode.c.objc</string>
			<key>path</key>
			<string>terrible_playerTests.m</string>
			<key>sourceTree</key>
			<string>&lt;group&gt;</string>
		</dict>
		<key>B5365F2619E59580000B780D</key>
		<dict>
			<key>fileRef</key>
			<string>B5365F2519E59580000B780D</string>
			<key>isa</key>
			<string>PBXBuildFile</string>
		</dict>
		<key>B5365F2719E59580000B780D</key>
		<dict>
			<key>buildSettings</key>
			<dict>
				<key>ALWAYS_SEARCH_USER_PATHS</key>
				<string>NO</string>
				<key>CLANG_CXX_LANGUAGE_STANDARD</key>
				<string>gnu++0x</string>
				<key>CLANG_CXX_LIBRARY</key>
				<string>libc++</string>
				<key>CLANG_ENABLE_MODULES</key>
				<string>YES</string>
				<key>CLANG_ENABLE_OBJC_ARC</key>
				<string>YES</string>
				<key>CLANG_WARN_BOOL_CONVERSION</key>
				<string>YES</string>
				<key>CLANG_WARN_CONSTANT_CONVERSION</key>
				<string>YES</string>
				<key>CLANG_WARN_DIRECT_OBJC_ISA_USAGE</key>
				<string>YES_ERROR</string>
				<key>CLANG_WARN_EMPTY_BODY</key>
				<string>YES</string>
				<key>CLANG_WARN_ENUM_CONVERSION</key>
				<string>YES</string>
				<key>CLANG_WARN_INT_CONVERSION</key>
				<string>YES</string>
				<key>CLANG_WARN_OBJC_ROOT_CLASS</key>
				<string>YES_ERROR</string>
				<key>CLANG_WARN_UNREACHABLE_CODE</key>
				<string>YES</string>
				<key>CLANG_WARN__DUPLICATE_METHOD_MATCH</key>
				<string>YES</string>
				<key>CODE_SIGN_IDENTITY[sdk=iphoneos*]</key>
				<string>iPhone Developer</string>
				<key>COPY_PHASE_STRIP</key>
				<string>NO</string>
				<key>ENABLE_STRICT_OBJC_MSGSEND</key>
				<string>YES</string>
				<key>GCC_C_LANGUAGE_STANDARD</key>
				<string>gnu99</string>
				<key>GCC_DYNAMIC_NO_PIC</key>
				<string>NO</string>
				<key>GCC_OPTIMIZATION_LEVEL</key>
				<string>0</string>
				<key>GCC_PREPROCESSOR_DEFINITIONS</key>
				<array>
					<string>DEBUG=1</string>
					<string>$(inherited)</string>
				</array>
				<key>GCC_SYMBOLS_PRIVATE_EXTERN</key>
				<string>NO</string>
				<key>GCC_WARN_64_TO_32_BIT_CONVERSION</key>
				<string>YES</string>
				<key>GCC_WARN_ABOUT_RETURN_TYPE</key>
				<string>YES_ERROR</string>
				<key>GCC_WARN_UNDECLARED_SELECTOR</key>
				<string>YES</string>
				<key>GCC_WARN_UNINITIALIZED_AUTOS</key>
				<string>YES_AGGRESSIVE</string>
				<key>GCC_WARN_UNUSED_FUNCTION</key>
				<string>YES</string>
				<key>GCC_WARN_UNUSED_VARIABLE</key>
				<string>YES</string>
				<key>IPHONEOS_DEPLOYMENT_TARGET</key>
				<string>8.0</string>
				<key>MTL_ENABLE_DEBUG_INFO</key>
				<string>YES</string>
				<key>ONLY_ACTIVE_ARCH</key>
				<string>YES</string>
				<key>SDKROOT</key>
				<string>iphoneos</string>
			</dict>
			<key>isa</key>
			<string>XCBuildConfiguration</string>
			<key>name</key>
			<string>Debug</string>
		</dict>
		<key>B5365F2819E59580000B780D</key>
		<dict>
			<key>buildSettings</key>
			<dict>
				<key>ALWAYS_SEARCH_USER_PATHS</key>
				<string>NO</string>
				<key>CLANG_CXX_LANGUAGE_STANDARD</key>
				<string>gnu++0x</string>
				<key>CLANG_CXX_LIBRARY</key>
				<string>libc++</string>
				<key>CLANG_ENABLE_MODULES</key>
				<string>YES</string>
				<key>CLANG_ENABLE_OBJC_ARC</key>
				<string>YES</string>
				<key>CLANG_WARN_BOOL_CONVERSION</key>
				<string>YES</string>
				<key>CLANG_WARN_CONSTANT_CONVERSION</key>
				<string>YES</string>
				<key>CLANG_WARN_DIRECT_OBJC_ISA_USAGE</key>
				<string>YES_ERROR</string>
				<key>CLANG_WARN_EMPTY_BODY</key>
				<string>YES</string>
				<key>CLANG_WARN_ENUM_CONVERSION</key>
				<string>YES</string>
				<key>CLANG_WARN_INT_CONVERSION</key>
				<string>YES</string>
				<key>CLANG_WARN_OBJC_ROOT_CLASS</key>
				<string>YES_ERROR</string>
				<key>CLANG_WARN_UNREACHABLE_CODE</key>
				<string>YES</string>
				<key>CLANG_WARN__DUPLICATE_METHOD_MATCH</key>
				<string>YES</string>
				<key>CODE_SIGN_IDENTITY[sdk=iphoneos*]</key>
				<string>iPhone Developer</string>
				<key>COPY_PHASE_STRIP</key>
				<string>YES</string>
				<key>ENABLE_NS_ASSERTIONS</key>
				<string>NO</string>
				<key>ENABLE_STRICT_OBJC_MSGSEND</key>
				<string>YES</string>
				<key>GCC_C_LANGUAGE_STANDARD</key>
				<string>gnu99</string>
				<key>GCC_WARN_64_TO_32_BIT_CONVERSION</key>
				<string>YES</string>
				<key>GCC_WARN_ABOUT_RETURN_TYPE</key>
				<string>YES_ERROR</string>
				<key>GCC_WARN_UNDECLARED_SELECTOR</key>
				<string>YES</string>
				<key>GCC_WARN_UNINITIALIZED_AUTOS</key>
				<string>YES_AGGRESSIVE</string>
				<key>GCC_WARN_UNUSED_FUNCTION</key>
				<string>YES</string>
				<key>GCC_WARN_UNUSED_VARIABLE</key>
				<string>YES</string>
				<key>IPHONEOS_DEPLOYMENT_TARGET</key>
				<string>8.0</string>
				<key>MTL_ENABLE_DEBUG_INFO</key>
				<string>NO</string>
				<key>SDKROOT</key>
				<string>iphoneos</string>
				<key>VALIDATE_PRODUCT</key>
				<string>YES</string>
			</dict>
			<key>isa</key>
			<string>XCBuildConfiguration</string>
			<key>name</key>
			<string>Release</string>
		</dict>
		<key>B5365F2919E59580000B780D</key>
		<dict>
			<key>buildConfigurations</key>
			<array>
				<string>B5365F2A19E59580000B780D</string>
				<string>B5365F2B19E59580000B780D</string>
			</array>
			<key>defaultConfigurationIsVisible</key>
			<string>0</string>
			<key>defaultConfigurationName</key>
			<string>Release</string>
			<key>isa</key>
			<string>XCConfigurationList</string>
		</dict>
		<key>B5365F2A19E59580000B780D</key>
		<dict>
			<key>baseConfigurationReference</key>
			<string>60DB3B57266813A036AA1820</string>
			<key>buildSettings</key>
			<dict>
				<key>ASSETCATALOG_COMPILER_APPICON_NAME</key>
				<string>AppIcon</string>
				<key>CODE_SIGN_IDENTITY</key>
				<string>iPhone Developer</string>
				<key>GCC_PRECOMPILE_PREFIX_HEADER</key>
				<string>YES</string>
				<key>GCC_PREFIX_HEADER</key>
				<string>terrible-player/supporting/TBP-prefix.pch</string>
				<key>INFOPLIST_FILE</key>
				<string>$(SRCROOT)/terrible-player/supporting/Info.plist</string>
				<key>LD_RUNPATH_SEARCH_PATHS</key>
				<string>$(inherited) @executable_path/Frameworks</string>
				<key>PRODUCT_NAME</key>
				<string>$(TARGET_NAME)</string>
			</dict>
			<key>isa</key>
			<string>XCBuildConfiguration</string>
			<key>name</key>
			<string>Debug</string>
		</dict>
		<key>B5365F2B19E59580000B780D</key>
		<dict>
			<key>baseConfigurationReference</key>
			<string>B2DE1BC1D4D8C7E33EBE1144</string>
			<key>buildSettings</key>
			<dict>
				<key>ASSETCATALOG_COMPILER_APPICON_NAME</key>
				<string>AppIcon</string>
				<key>CODE_SIGN_IDENTITY</key>
				<string>iPhone Developer</string>
				<key>GCC_PRECOMPILE_PREFIX_HEADER</key>
				<string>YES</string>
				<key>GCC_PREFIX_HEADER</key>
				<string>terrible-player/supporting/TBP-prefix.pch</string>
				<key>INFOPLIST_FILE</key>
				<string>$(SRCROOT)/terrible-player/supporting/Info.plist</string>
				<key>LD_RUNPATH_SEARCH_PATHS</key>
				<string>$(inherited) @executable_path/Frameworks</string>
				<key>PRODUCT_NAME</key>
				<string>$(TARGET_NAME)</string>
			</dict>
			<key>isa</key>
			<string>XCBuildConfiguration</string>
			<key>name</key>
			<string>Release</string>
		</dict>
		<key>B5365F2C19E59580000B780D</key>
		<dict>
			<key>buildConfigurations</key>
			<array>
				<string>B5365F2D19E59580000B780D</string>
				<string>B5365F2E19E59580000B780D</string>
			</array>
			<key>defaultConfigurationIsVisible</key>
			<string>0</string>
			<key>defaultConfigurationName</key>
			<string>Release</string>
			<key>isa</key>
			<string>XCConfigurationList</string>
		</dict>
		<key>B5365F2D19E59580000B780D</key>
		<dict>
			<key>buildSettings</key>
			<dict>
				<key>BUNDLE_LOADER</key>
				<string>$(TEST_HOST)</string>
				<key>FRAMEWORK_SEARCH_PATHS</key>
				<array>
					<string>$(SDKROOT)/Developer/Library/Frameworks</string>
					<string>$(inherited)</string>
				</array>
				<key>GCC_PREPROCESSOR_DEFINITIONS</key>
				<array>
					<string>DEBUG=1</string>
					<string>$(inherited)</string>
				</array>
				<key>INFOPLIST_FILE</key>
				<string>terrible-playerTests/Info.plist</string>
				<key>LD_RUNPATH_SEARCH_PATHS</key>
				<string>$(inherited) @executable_path/Frameworks @loader_path/Frameworks</string>
				<key>PRODUCT_NAME</key>
				<string>$(TARGET_NAME)</string>
				<key>TEST_HOST</key>
				<string>$(BUILT_PRODUCTS_DIR)/terrible-player.app/terrible-player</string>
			</dict>
			<key>isa</key>
			<string>XCBuildConfiguration</string>
			<key>name</key>
			<string>Debug</string>
		</dict>
		<key>B5365F2E19E59580000B780D</key>
		<dict>
			<key>buildSettings</key>
			<dict>
				<key>BUNDLE_LOADER</key>
				<string>$(TEST_HOST)</string>
				<key>FRAMEWORK_SEARCH_PATHS</key>
				<array>
					<string>$(SDKROOT)/Developer/Library/Frameworks</string>
					<string>$(inherited)</string>
				</array>
				<key>INFOPLIST_FILE</key>
				<string>terrible-playerTests/Info.plist</string>
				<key>LD_RUNPATH_SEARCH_PATHS</key>
				<string>$(inherited) @executable_path/Frameworks @loader_path/Frameworks</string>
				<key>PRODUCT_NAME</key>
				<string>$(TARGET_NAME)</string>
				<key>TEST_HOST</key>
				<string>$(BUILT_PRODUCTS_DIR)/terrible-player.app/terrible-player</string>
			</dict>
			<key>isa</key>
			<string>XCBuildConfiguration</string>
			<key>name</key>
			<string>Release</string>
		</dict>
		<key>B5365F2F19E5976A000B780D</key>
		<dict>
			<key>children</key>
			<array>
				<string>B5365F3019E5976A000B780D</string>
				<string>B5BDB29319E638CB004184F8</string>
				<string>B5365F3119E5976A000B780D</string>
				<string>B502792519E5E7BC00BAD1F5</string>
			</array>
			<key>isa</key>
			<string>PBXGroup</string>
			<key>path</key>
			<string>supporting</string>
			<key>sourceTree</key>
			<string>&lt;group&gt;</string>
		</dict>
		<key>B5365F3019E5976A000B780D</key>
		<dict>
			<key>fileEncoding</key>
			<string>4</string>
			<key>isa</key>
			<string>PBXFileReference</string>
			<key>lastKnownFileType</key>
			<string>text.plist.xml</string>
			<key>path</key>
			<string>Info.plist</string>
			<key>sourceTree</key>
			<string>&lt;group&gt;</string>
		</dict>
		<key>B5365F3119E5976A000B780D</key>
		<dict>
			<key>fileEncoding</key>
			<string>4</string>
			<key>isa</key>
			<string>PBXFileReference</string>
			<key>lastKnownFileType</key>
			<string>sourcecode.c.objc</string>
			<key>path</key>
			<string>main.m</string>
			<key>sourceTree</key>
			<string>&lt;group&gt;</string>
		</dict>
		<key>B5365F3319E5976A000B780D</key>
		<dict>
			<key>fileRef</key>
			<string>B5365F3119E5976A000B780D</string>
			<key>isa</key>
			<string>PBXBuildFile</string>
		</dict>
		<key>B5365F3419E598F2000B780D</key>
		<dict>
			<key>isa</key>
			<string>PBXFileReference</string>
			<key>lastKnownFileType</key>
			<string>wrapper.framework</string>
			<key>name</key>
			<string>MediaPlayer.framework</string>
			<key>path</key>
			<string>System/Library/Frameworks/MediaPlayer.framework</string>
			<key>sourceTree</key>
			<string>SDKROOT</string>
		</dict>
		<key>B5365F3519E598F2000B780D</key>
		<dict>
			<key>fileRef</key>
			<string>B5365F3419E598F2000B780D</string>
			<key>isa</key>
			<string>PBXBuildFile</string>
		</dict>
		<key>B5365F3619E59901000B780D</key>
		<dict>
			<key>children</key>
			<array>
				<string>B502791519E5B26900BAD1F5</string>
				<string>B5365F3419E598F2000B780D</string>
			</array>
			<key>isa</key>
			<string>PBXGroup</string>
			<key>name</key>
			<string>frameworks</string>
			<key>sourceTree</key>
			<string>&lt;group&gt;</string>
		</dict>
		<key>B5365F3B19E5A33F000B780D</key>
		<dict>
			<key>children</key>
			<array>
				<string>B5365F3C19E5A351000B780D</string>
				<string>B5365F3D19E5A351000B780D</string>
				<string>B5365F5719E5AE1B000B780D</string>
				<string>B5365F5819E5AE1B000B780D</string>
			</array>
			<key>isa</key>
			<string>PBXGroup</string>
			<key>path</key>
			<string>model</string>
			<key>sourceTree</key>
			<string>&lt;group&gt;</string>
		</dict>
		<key>B5365F3C19E5A351000B780D</key>
		<dict>
			<key>fileEncoding</key>
			<string>4</string>
			<key>isa</key>
			<string>PBXFileReference</string>
			<key>lastKnownFileType</key>
			<string>sourcecode.c.h</string>
			<key>path</key>
			<string>TBPLibraryModel.h</string>
			<key>sourceTree</key>
			<string>&lt;group&gt;</string>
		</dict>
		<key>B5365F3D19E5A351000B780D</key>
		<dict>
			<key>fileEncoding</key>
			<string>4</string>
			<key>isa</key>
			<string>PBXFileReference</string>
			<key>lastKnownFileType</key>
			<string>sourcecode.c.objc</string>
			<key>path</key>
			<string>TBPLibraryModel.m</string>
			<key>sourceTree</key>
			<string>&lt;group&gt;</string>
		</dict>
		<key>B5365F3E19E5A351000B780D</key>
		<dict>
			<key>fileRef</key>
			<string>B5365F3D19E5A351000B780D</string>
			<key>isa</key>
			<string>PBXBuildFile</string>
		</dict>
		<key>B5365F3F19E5A46C000B780D</key>
		<dict>
			<key>children</key>
			<array>
				<string>B502792419E5E71600BAD1F5</string>
				<string>B5365F4019E5A493000B780D</string>
				<string>B5365F4119E5A493000B780D</string>
				<string>B5365F4319E5A8A1000B780D</string>
				<string>B5365F4419E5A8A1000B780D</string>
				<string>B502792119E5E34800BAD1F5</string>
				<string>B502792219E5E34800BAD1F5</string>
				<string>B5F176D719E70C8A00593D12</string>
				<string>B5F176D819E70C8A00593D12</string>
			</array>
			<key>isa</key>
			<string>PBXGroup</string>
			<key>path</key>
			<string>common</string>
			<key>sourceTree</key>
			<string>&lt;group&gt;</string>
		</dict>
		<key>B5365F4019E5A493000B780D</key>
		<dict>
			<key>fileEncoding</key>
			<string>4</string>
			<key>isa</key>
			<string>PBXFileReference</string>
			<key>lastKnownFileType</key>
			<string>sourcecode.c.h</string>
			<key>path</key>
			<string>NSString+TBP.h</string>
			<key>sourceTree</key>
			<string>&lt;group&gt;</string>
		</dict>
		<key>B5365F4119E5A493000B780D</key>
		<dict>
			<key>fileEncoding</key>
			<string>4</string>
			<key>isa</key>
			<string>PBXFileReference</string>
			<key>lastKnownFileType</key>
			<string>sourcecode.c.objc</string>
			<key>path</key>
			<string>NSString+TBP.m</string>
			<key>sourceTree</key>
			<string>&lt;group&gt;</string>
		</dict>
		<key>B5365F4219E5A493000B780D</key>
		<dict>
			<key>fileRef</key>
			<string>B5365F4119E5A493000B780D</string>
			<key>isa</key>
			<string>PBXBuildFile</string>
		</dict>
		<key>B5365F4319E5A8A1000B780D</key>
		<dict>
			<key>fileEncoding</key>
			<string>4</string>
			<key>isa</key>
			<string>PBXFileReference</string>
			<key>lastKnownFileType</key>
			<string>sourcecode.c.h</string>
			<key>path</key>
			<string>TBPNavigationViewController.h</string>
			<key>sourceTree</key>
			<string>&lt;group&gt;</string>
		</dict>
		<key>B5365F4419E5A8A1000B780D</key>
		<dict>
			<key>fileEncoding</key>
			<string>4</string>
			<key>isa</key>
			<string>PBXFileReference</string>
			<key>lastKnownFileType</key>
			<string>sourcecode.c.objc</string>
			<key>path</key>
			<string>TBPNavigationViewController.m</string>
			<key>sourceTree</key>
			<string>&lt;group&gt;</string>
		</dict>
		<key>B5365F4519E5A8A1000B780D</key>
		<dict>
			<key>fileRef</key>
			<string>B5365F4419E5A8A1000B780D</string>
			<key>isa</key>
			<string>PBXBuildFile</string>
		</dict>
		<key>B5365F4919E5AB9C000B780D</key>
		<dict>
			<key>children</key>
			<array>
				<string>B5365F5119E5ABD4000B780D</string>
				<string>B5365F5219E5ABD4000B780D</string>
				<string>B5365F5419E5ABF0000B780D</string>
				<string>B5365F5519E5ABF0000B780D</string>
				<string>B502791219E5B19000BAD1F5</string>
				<string>B502791319E5B19000BAD1F5</string>
			</array>
			<key>isa</key>
			<string>PBXGroup</string>
			<key>path</key>
			<string>albums</string>
			<key>sourceTree</key>
			<string>&lt;group&gt;</string>
		</dict>
		<key>B5365F4A19E5AB9C000B780D</key>
		<dict>
			<key>children</key>
			<array>
				<string>B5365F4B19E5AB9C000B780D</string>
				<string>B5365F4C19E5AB9C000B780D</string>
				<string>B5365F4D19E5AB9C000B780D</string>
				<string>B5365F4E19E5AB9C000B780D</string>
				<string>B502791719E5D80000BAD1F5</string>
				<string>B502791819E5D80000BAD1F5</string>
			</array>
			<key>isa</key>
			<string>PBXGroup</string>
			<key>path</key>
			<string>artists</string>
			<key>sourceTree</key>
			<string>&lt;group&gt;</string>
		</dict>
		<key>B5365F4B19E5AB9C000B780D</key>
		<dict>
			<key>fileEncoding</key>
			<string>4</string>
			<key>isa</key>
			<string>PBXFileReference</string>
			<key>lastKnownFileType</key>
			<string>sourcecode.c.h</string>
			<key>path</key>
			<string>TBPArtistsNavigationViewController.h</string>
			<key>sourceTree</key>
			<string>&lt;group&gt;</string>
		</dict>
		<key>B5365F4C19E5AB9C000B780D</key>
		<dict>
			<key>fileEncoding</key>
			<string>4</string>
			<key>isa</key>
			<string>PBXFileReference</string>
			<key>lastKnownFileType</key>
			<string>sourcecode.c.objc</string>
			<key>path</key>
			<string>TBPArtistsNavigationViewController.m</string>
			<key>sourceTree</key>
			<string>&lt;group&gt;</string>
		</dict>
		<key>B5365F4D19E5AB9C000B780D</key>
		<dict>
			<key>fileEncoding</key>
			<string>4</string>
			<key>isa</key>
			<string>PBXFileReference</string>
			<key>lastKnownFileType</key>
			<string>sourcecode.c.h</string>
			<key>path</key>
			<string>TBPArtistsViewController.h</string>
			<key>sourceTree</key>
			<string>&lt;group&gt;</string>
		</dict>
		<key>B5365F4E19E5AB9C000B780D</key>
		<dict>
			<key>fileEncoding</key>
			<string>4</string>
			<key>isa</key>
			<string>PBXFileReference</string>
			<key>lastKnownFileType</key>
			<string>sourcecode.c.objc</string>
			<key>path</key>
			<string>TBPArtistsViewController.m</string>
			<key>sourceTree</key>
			<string>&lt;group&gt;</string>
		</dict>
		<key>B5365F4F19E5AB9C000B780D</key>
		<dict>
			<key>fileRef</key>
			<string>B5365F4C19E5AB9C000B780D</string>
			<key>isa</key>
			<string>PBXBuildFile</string>
		</dict>
		<key>B5365F5019E5AB9C000B780D</key>
		<dict>
			<key>fileRef</key>
			<string>B5365F4E19E5AB9C000B780D</string>
			<key>isa</key>
			<string>PBXBuildFile</string>
		</dict>
		<key>B5365F5119E5ABD4000B780D</key>
		<dict>
			<key>fileEncoding</key>
			<string>4</string>
			<key>isa</key>
			<string>PBXFileReference</string>
			<key>lastKnownFileType</key>
			<string>sourcecode.c.h</string>
			<key>path</key>
			<string>TBPAlbumsNavigationViewController.h</string>
			<key>sourceTree</key>
			<string>&lt;group&gt;</string>
		</dict>
		<key>B5365F5219E5ABD4000B780D</key>
		<dict>
			<key>fileEncoding</key>
			<string>4</string>
			<key>isa</key>
			<string>PBXFileReference</string>
			<key>lastKnownFileType</key>
			<string>sourcecode.c.objc</string>
			<key>path</key>
			<string>TBPAlbumsNavigationViewController.m</string>
			<key>sourceTree</key>
			<string>&lt;group&gt;</string>
		</dict>
		<key>B5365F5319E5ABD4000B780D</key>
		<dict>
			<key>fileRef</key>
			<string>B5365F5219E5ABD4000B780D</string>
			<key>isa</key>
			<string>PBXBuildFile</string>
		</dict>
		<key>B5365F5419E5ABF0000B780D</key>
		<dict>
			<key>fileEncoding</key>
			<string>4</string>
			<key>isa</key>
			<string>PBXFileReference</string>
			<key>lastKnownFileType</key>
			<string>sourcecode.c.h</string>
			<key>path</key>
			<string>TBPAlbumsViewController.h</string>
			<key>sourceTree</key>
			<string>&lt;group&gt;</string>
		</dict>
		<key>B5365F5519E5ABF0000B780D</key>
		<dict>
			<key>fileEncoding</key>
			<string>4</string>
			<key>isa</key>
			<string>PBXFileReference</string>
			<key>lastKnownFileType</key>
			<string>sourcecode.c.objc</string>
			<key>path</key>
			<string>TBPAlbumsViewController.m</string>
			<key>sourceTree</key>
			<string>&lt;group&gt;</string>
		</dict>
		<key>B5365F5619E5ABF0000B780D</key>
		<dict>
			<key>fileRef</key>
			<string>B5365F5519E5ABF0000B780D</string>
			<key>isa</key>
			<string>PBXBuildFile</string>
		</dict>
		<key>B5365F5719E5AE1B000B780D</key>
		<dict>
			<key>fileEncoding</key>
			<string>4</string>
			<key>isa</key>
			<string>PBXFileReference</string>
			<key>lastKnownFileType</key>
			<string>sourcecode.c.h</string>
			<key>path</key>
			<string>TBPLibraryItem.h</string>
			<key>sourceTree</key>
			<string>&lt;group&gt;</string>
		</dict>
		<key>B5365F5819E5AE1B000B780D</key>
		<dict>
			<key>fileEncoding</key>
			<string>4</string>
			<key>isa</key>
			<string>PBXFileReference</string>
			<key>lastKnownFileType</key>
			<string>sourcecode.c.objc</string>
			<key>path</key>
			<string>TBPLibraryItem.m</string>
			<key>sourceTree</key>
			<string>&lt;group&gt;</string>
		</dict>
		<key>B5365F5919E5AE1B000B780D</key>
		<dict>
			<key>fileRef</key>
			<string>B5365F5819E5AE1B000B780D</string>
			<key>isa</key>
			<string>PBXBuildFile</string>
		</dict>
		<key>B5A9806319E7614A0072E3FB</key>
		<dict>
			<key>children</key>
			<array>
				<string>B5A9806D19E772BF0072E3FB</string>
				<string>B5A9806419E76E510072E3FB</string>
				<string>B5A9806519E76E510072E3FB</string>
				<string>B5A9806719E7709D0072E3FB</string>
				<string>B5A9806819E7709D0072E3FB</string>
				<string>B5A9807019E774020072E3FB</string>
				<string>B5A9807119E774020072E3FB</string>
				<string>B53572A019EC4D6A006E87A7</string>
				<string>B53572A119EC4D6A006E87A7</string>
				<string>B5A9807319E77B940072E3FB</string>
				<string>B5A9807419E77B940072E3FB</string>
			</array>
			<key>isa</key>
			<string>PBXGroup</string>
			<key>path</key>
			<string>database</string>
			<key>sourceTree</key>
			<string>&lt;group&gt;</string>
		</dict>
		<key>B5A9806419E76E510072E3FB</key>
		<dict>
			<key>fileEncoding</key>
			<string>4</string>
			<key>isa</key>
			<string>PBXFileReference</string>
			<key>lastKnownFileType</key>
			<string>sourcecode.c.h</string>
			<key>path</key>
			<string>TBPDatabase.h</string>
			<key>sourceTree</key>
			<string>&lt;group&gt;</string>
		</dict>
		<key>B5A9806519E76E510072E3FB</key>
		<dict>
			<key>fileEncoding</key>
			<string>4</string>
			<key>isa</key>
			<string>PBXFileReference</string>
			<key>lastKnownFileType</key>
			<string>sourcecode.c.objc</string>
			<key>path</key>
			<string>TBPDatabase.m</string>
			<key>sourceTree</key>
			<string>&lt;group&gt;</string>
		</dict>
		<key>B5A9806619E76E510072E3FB</key>
		<dict>
			<key>fileRef</key>
			<string>B5A9806519E76E510072E3FB</string>
			<key>isa</key>
			<string>PBXBuildFile</string>
		</dict>
		<key>B5A9806719E7709D0072E3FB</key>
		<dict>
			<key>fileEncoding</key>
			<string>4</string>
			<key>isa</key>
			<string>PBXFileReference</string>
			<key>lastKnownFileType</key>
			<string>sourcecode.c.h</string>
			<key>path</key>
			<string>TBPDatabaseObject.h</string>
			<key>sourceTree</key>
			<string>&lt;group&gt;</string>
		</dict>
		<key>B5A9806819E7709D0072E3FB</key>
		<dict>
			<key>fileEncoding</key>
			<string>4</string>
			<key>isa</key>
			<string>PBXFileReference</string>
			<key>lastKnownFileType</key>
			<string>sourcecode.c.objc</string>
			<key>path</key>
			<string>TBPDatabaseObject.m</string>
			<key>sourceTree</key>
			<string>&lt;group&gt;</string>
		</dict>
		<key>B5A9806919E7709D0072E3FB</key>
		<dict>
			<key>fileRef</key>
			<string>B5A9806819E7709D0072E3FB</string>
			<key>isa</key>
			<string>PBXBuildFile</string>
		</dict>
		<key>B5A9806D19E772BF0072E3FB</key>
		<dict>
			<key>children</key>
			<array>
				<string>B5A9806E19E772BF0072E3FB</string>
			</array>
			<key>currentVersion</key>
			<string>B5A9806E19E772BF0072E3FB</string>
			<key>isa</key>
			<string>XCVersionGroup</string>
			<key>path</key>
			<string>TBPModel.xcdatamodeld</string>
			<key>sourceTree</key>
			<string>&lt;group&gt;</string>
			<key>versionGroupType</key>
			<string>wrapper.xcdatamodel</string>
		</dict>
		<key>B5A9806E19E772BF0072E3FB</key>
		<dict>
			<key>isa</key>
			<string>PBXFileReference</string>
			<key>lastKnownFileType</key>
			<string>wrapper.xcdatamodel</string>
			<key>path</key>
			<string>TBPModel.xcdatamodel</string>
			<key>sourceTree</key>
			<string>&lt;group&gt;</string>
		</dict>
		<key>B5A9806F19E772BF0072E3FB</key>
		<dict>
			<key>fileRef</key>
			<string>B5A9806D19E772BF0072E3FB</string>
			<key>isa</key>
			<string>PBXBuildFile</string>
		</dict>
		<key>B5A9807019E774020072E3FB</key>
		<dict>
			<key>fileEncoding</key>
			<string>4</string>
			<key>isa</key>
			<string>PBXFileReference</string>
			<key>lastKnownFileType</key>
			<string>sourcecode.c.h</string>
			<key>path</key>
			<string>TBPQueuedScrobble.h</string>
			<key>sourceTree</key>
			<string>&lt;group&gt;</string>
		</dict>
		<key>B5A9807119E774020072E3FB</key>
		<dict>
			<key>fileEncoding</key>
			<string>4</string>
			<key>isa</key>
			<string>PBXFileReference</string>
			<key>lastKnownFileType</key>
			<string>sourcecode.c.objc</string>
			<key>path</key>
			<string>TBPQueuedScrobble.m</string>
			<key>sourceTree</key>
			<string>&lt;group&gt;</string>
		</dict>
		<key>B5A9807219E774020072E3FB</key>
		<dict>
			<key>fileRef</key>
			<string>B5A9807119E774020072E3FB</string>
			<key>isa</key>
			<string>PBXBuildFile</string>
		</dict>
		<key>B5A9807319E77B940072E3FB</key>
		<dict>
			<key>fileEncoding</key>
			<string>4</string>
			<key>isa</key>
			<string>PBXFileReference</string>
			<key>lastKnownFileType</key>
			<string>sourcecode.c.h</string>
			<key>path</key>
			<string>TBPLastFMScrobbleQueue.h</string>
			<key>sourceTree</key>
			<string>&lt;group&gt;</string>
		</dict>
		<key>B5A9807419E77B940072E3FB</key>
		<dict>
			<key>fileEncoding</key>
			<string>4</string>
			<key>isa</key>
			<string>PBXFileReference</string>
			<key>lastKnownFileType</key>
			<string>sourcecode.c.objc</string>
			<key>path</key>
			<string>TBPLastFMScrobbleQueue.m</string>
			<key>sourceTree</key>
			<string>&lt;group&gt;</string>
		</dict>
		<key>B5A9807519E77B940072E3FB</key>
		<dict>
			<key>fileRef</key>
			<string>B5A9807419E77B940072E3FB</string>
			<key>isa</key>
			<string>PBXBuildFile</string>
		</dict>
		<key>B5BDB28C19E632D7004184F8</key>
		<dict>
			<key>children</key>
			<array>
				<string>B5BDB29819E64024004184F8</string>
				<string>B5BDB29F19E64024004184F8</string>
			</array>
			<key>isa</key>
			<string>PBXGroup</string>
			<key>path</key>
			<string>api</string>
			<key>sourceTree</key>
			<string>&lt;group&gt;</string>
		</dict>
		<key>B5BDB29319E638CB004184F8</key>
		<dict>
			<key>fileEncoding</key>
			<string>4</string>
			<key>isa</key>
			<string>PBXFileReference</string>
			<key>lastKnownFileType</key>
			<string>text.plist.xml</string>
			<key>path</key>
			<string>config.plist</string>
			<key>sourceTree</key>
			<string>&lt;group&gt;</string>
		</dict>
		<key>B5BDB29419E638CB004184F8</key>
		<dict>
			<key>fileRef</key>
			<string>B5BDB29319E638CB004184F8</string>
			<key>isa</key>
			<string>PBXBuildFile</string>
		</dict>
		<key>B5BDB29819E64024004184F8</key>
		<dict>
			<key>children</key>
			<array>
				<string>B5BDB29D19E64024004184F8</string>
				<string>B5BDB29E19E64024004184F8</string>
				<string>B5BDB29B19E64024004184F8</string>
				<string>B5BDB29C19E64024004184F8</string>
				<string>B5BDB29919E64024004184F8</string>
				<string>B5BDB29A19E64024004184F8</string>
				<string>B5BDB2AA19E64CD7004184F8</string>
				<string>B5BDB2AB19E64CD7004184F8</string>
			</array>
			<key>isa</key>
			<string>PBXGroup</string>
			<key>path</key>
			<string>managers</string>
			<key>sourceTree</key>
			<string>&lt;group&gt;</string>
		</dict>
		<key>B5BDB29919E64024004184F8</key>
		<dict>
			<key>fileEncoding</key>
			<string>4</string>
			<key>isa</key>
			<string>PBXFileReference</string>
			<key>lastKnownFileType</key>
			<string>sourcecode.c.h</string>
			<key>path</key>
			<string>TBPLastFMAuthManager.h</string>
			<key>sourceTree</key>
			<string>&lt;group&gt;</string>
		</dict>
		<key>B5BDB29A19E64024004184F8</key>
		<dict>
			<key>fileEncoding</key>
			<string>4</string>
			<key>isa</key>
			<string>PBXFileReference</string>
			<key>lastKnownFileType</key>
			<string>sourcecode.c.objc</string>
			<key>path</key>
			<string>TBPLastFMAuthManager.m</string>
			<key>sourceTree</key>
			<string>&lt;group&gt;</string>
		</dict>
		<key>B5BDB29B19E64024004184F8</key>
		<dict>
			<key>fileEncoding</key>
			<string>4</string>
			<key>isa</key>
			<string>PBXFileReference</string>
			<key>lastKnownFileType</key>
			<string>sourcecode.c.h</string>
			<key>path</key>
			<string>TBPLastFMObjectManager.h</string>
			<key>sourceTree</key>
			<string>&lt;group&gt;</string>
		</dict>
		<key>B5BDB29C19E64024004184F8</key>
		<dict>
			<key>fileEncoding</key>
			<string>4</string>
			<key>isa</key>
			<string>PBXFileReference</string>
			<key>lastKnownFileType</key>
			<string>sourcecode.c.objc</string>
			<key>path</key>
			<string>TBPLastFMObjectManager.m</string>
			<key>sourceTree</key>
			<string>&lt;group&gt;</string>
		</dict>
		<key>B5BDB29D19E64024004184F8</key>
		<dict>
			<key>fileEncoding</key>
			<string>4</string>
			<key>isa</key>
			<string>PBXFileReference</string>
			<key>lastKnownFileType</key>
			<string>sourcecode.c.h</string>
			<key>path</key>
			<string>TBPObjectManager.h</string>
			<key>sourceTree</key>
			<string>&lt;group&gt;</string>
		</dict>
		<key>B5BDB29E19E64024004184F8</key>
		<dict>
			<key>fileEncoding</key>
			<string>4</string>
			<key>isa</key>
			<string>PBXFileReference</string>
			<key>lastKnownFileType</key>
			<string>sourcecode.c.objc</string>
			<key>path</key>
			<string>TBPObjectManager.m</string>
			<key>sourceTree</key>
			<string>&lt;group&gt;</string>
		</dict>
		<key>B5BDB29F19E64024004184F8</key>
		<dict>
			<key>children</key>
			<array>
				<string>B5BDB2A319E64044004184F8</string>
				<string>B5BDB2A419E64044004184F8</string>
			</array>
			<key>isa</key>
			<string>PBXGroup</string>
			<key>path</key>
			<string>objects</string>
			<key>sourceTree</key>
			<string>&lt;group&gt;</string>
		</dict>
		<key>B5BDB2A019E64024004184F8</key>
		<dict>
			<key>fileRef</key>
			<string>B5BDB29A19E64024004184F8</string>
			<key>isa</key>
			<string>PBXBuildFile</string>
		</dict>
		<key>B5BDB2A119E64024004184F8</key>
		<dict>
			<key>fileRef</key>
			<string>B5BDB29C19E64024004184F8</string>
			<key>isa</key>
			<string>PBXBuildFile</string>
		</dict>
		<key>B5BDB2A219E64024004184F8</key>
		<dict>
			<key>fileRef</key>
			<string>B5BDB29E19E64024004184F8</string>
			<key>isa</key>
			<string>PBXBuildFile</string>
		</dict>
		<key>B5BDB2A319E64044004184F8</key>
		<dict>
			<key>fileEncoding</key>
			<string>4</string>
			<key>isa</key>
			<string>PBXFileReference</string>
			<key>lastKnownFileType</key>
			<string>sourcecode.c.h</string>
			<key>path</key>
			<string>TBPLastFMSession.h</string>
			<key>sourceTree</key>
			<string>&lt;group&gt;</string>
		</dict>
		<key>B5BDB2A419E64044004184F8</key>
		<dict>
			<key>fileEncoding</key>
			<string>4</string>
			<key>isa</key>
			<string>PBXFileReference</string>
			<key>lastKnownFileType</key>
			<string>sourcecode.c.objc</string>
			<key>path</key>
			<string>TBPLastFMSession.m</string>
			<key>sourceTree</key>
			<string>&lt;group&gt;</string>
		</dict>
		<key>B5BDB2A519E64044004184F8</key>
		<dict>
			<key>fileRef</key>
			<string>B5BDB2A419E64044004184F8</string>
			<key>isa</key>
			<string>PBXBuildFile</string>
		</dict>
		<key>B5BDB2A619E64498004184F8</key>
		<dict>
			<key>children</key>
			<array>
				<string>B5BDB2AD19E6F157004184F8</string>
				<string>B5BDB2AE19E6F157004184F8</string>
				<string>B5BDB2A719E644AA004184F8</string>
				<string>B5BDB2A819E644AA004184F8</string>
				<string>B5BDB2B019E6F7C8004184F8</string>
				<string>B5BDB2B119E6F7C8004184F8</string>
			</array>
			<key>isa</key>
			<string>PBXGroup</string>
			<key>path</key>
			<string>settings</string>
			<key>sourceTree</key>
			<string>&lt;group&gt;</string>
		</dict>
		<key>B5BDB2A719E644AA004184F8</key>
		<dict>
			<key>fileEncoding</key>
			<string>4</string>
			<key>isa</key>
			<string>PBXFileReference</string>
			<key>lastKnownFileType</key>
			<string>sourcecode.c.h</string>
			<key>path</key>
			<string>TBPSettingsViewController.h</string>
			<key>sourceTree</key>
			<string>&lt;group&gt;</string>
		</dict>
		<key>B5BDB2A819E644AA004184F8</key>
		<dict>
			<key>fileEncoding</key>
			<string>4</string>
			<key>isa</key>
			<string>PBXFileReference</string>
			<key>lastKnownFileType</key>
			<string>sourcecode.c.objc</string>
			<key>path</key>
			<string>TBPSettingsViewController.m</string>
			<key>sourceTree</key>
			<string>&lt;group&gt;</string>
		</dict>
		<key>B5BDB2A919E644AA004184F8</key>
		<dict>
			<key>fileRef</key>
			<string>B5BDB2A819E644AA004184F8</string>
			<key>isa</key>
			<string>PBXBuildFile</string>
		</dict>
		<key>B5BDB2AA19E64CD7004184F8</key>
		<dict>
			<key>fileEncoding</key>
			<string>4</string>
			<key>isa</key>
			<string>PBXFileReference</string>
			<key>lastKnownFileType</key>
			<string>sourcecode.c.h</string>
			<key>path</key>
			<string>TBPLastFMTrackManager.h</string>
			<key>sourceTree</key>
			<string>&lt;group&gt;</string>
		</dict>
		<key>B5BDB2AB19E64CD7004184F8</key>
		<dict>
			<key>fileEncoding</key>
			<string>4</string>
			<key>isa</key>
			<string>PBXFileReference</string>
			<key>lastKnownFileType</key>
			<string>sourcecode.c.objc</string>
			<key>path</key>
			<string>TBPLastFMTrackManager.m</string>
			<key>sourceTree</key>
			<string>&lt;group&gt;</string>
		</dict>
		<key>B5BDB2AC19E64CD7004184F8</key>
		<dict>
			<key>fileRef</key>
			<string>B5BDB2AB19E64CD7004184F8</string>
			<key>isa</key>
			<string>PBXBuildFile</string>
		</dict>
		<key>B5BDB2AD19E6F157004184F8</key>
		<dict>
			<key>fileEncoding</key>
			<string>4</string>
			<key>isa</key>
			<string>PBXFileReference</string>
			<key>lastKnownFileType</key>
			<string>sourcecode.c.h</string>
			<key>path</key>
			<string>TBPSettingsNavigationViewController.h</string>
			<key>sourceTree</key>
			<string>&lt;group&gt;</string>
		</dict>
		<key>B5BDB2AE19E6F157004184F8</key>
		<dict>
			<key>fileEncoding</key>
			<string>4</string>
			<key>isa</key>
			<string>PBXFileReference</string>
			<key>lastKnownFileType</key>
			<string>sourcecode.c.objc</string>
			<key>path</key>
			<string>TBPSettingsNavigationViewController.m</string>
			<key>sourceTree</key>
			<string>&lt;group&gt;</string>
		</dict>
		<key>B5BDB2AF19E6F157004184F8</key>
		<dict>
			<key>fileRef</key>
			<string>B5BDB2AE19E6F157004184F8</string>
			<key>isa</key>
			<string>PBXBuildFile</string>
		</dict>
		<key>B5BDB2B019E6F7C8004184F8</key>
		<dict>
			<key>fileEncoding</key>
			<string>4</string>
			<key>isa</key>
			<string>PBXFileReference</string>
			<key>lastKnownFileType</key>
			<string>sourcecode.c.h</string>
			<key>path</key>
			<string>TBPAuthViewController.h</string>
			<key>sourceTree</key>
			<string>&lt;group&gt;</string>
		</dict>
		<key>B5BDB2B119E6F7C8004184F8</key>
		<dict>
			<key>fileEncoding</key>
			<string>4</string>
			<key>isa</key>
			<string>PBXFileReference</string>
			<key>lastKnownFileType</key>
			<string>sourcecode.c.objc</string>
			<key>path</key>
			<string>TBPAuthViewController.m</string>
			<key>sourceTree</key>
			<string>&lt;group&gt;</string>
		</dict>
		<key>B5BDB2B219E6F7C8004184F8</key>
		<dict>
			<key>fileRef</key>
			<string>B5BDB2B119E6F7C8004184F8</string>
			<key>isa</key>
			<string>PBXBuildFile</string>
		</dict>
		<key>B5F176D719E70C8A00593D12</key>
		<dict>
			<key>fileEncoding</key>
			<string>4</string>
			<key>isa</key>
			<string>PBXFileReference</string>
			<key>lastKnownFileType</key>
			<string>sourcecode.c.h</string>
			<key>path</key>
			<string>TBPActivityIndicatorView.h</string>
			<key>sourceTree</key>
			<string>&lt;group&gt;</string>
		</dict>
		<key>B5F176D819E70C8A00593D12</key>
		<dict>
			<key>fileEncoding</key>
			<string>4</string>
			<key>isa</key>
			<string>PBXFileReference</string>
			<key>lastKnownFileType</key>
			<string>sourcecode.c.objc</string>
			<key>path</key>
			<string>TBPActivityIndicatorView.m</string>
			<key>sourceTree</key>
			<string>&lt;group&gt;</string>
		</dict>
		<key>B5F176D919E70C8A00593D12</key>
		<dict>
			<key>fileRef</key>
			<string>B5F176D819E70C8A00593D12</string>
			<key>isa</key>
			<string>PBXBuildFile</string>
		</dict>
		<key>B5F176DA19E7267C00593D12</key>
		<dict>
			<key>fileEncoding</key>
			<string>4</string>
			<key>isa</key>
			<string>PBXFileReference</string>
			<key>lastKnownFileType</key>
			<string>sourcecode.c.h</string>
			<key>path</key>
			<string>TBPPlayPauseView.h</string>
			<key>sourceTree</key>
			<string>&lt;group&gt;</string>
		</dict>
		<key>B5F176DB19E7267C00593D12</key>
		<dict>
			<key>fileEncoding</key>
			<string>4</string>
			<key>isa</key>
			<string>PBXFileReference</string>
			<key>lastKnownFileType</key>
			<string>sourcecode.c.objc</string>
			<key>path</key>
			<string>TBPPlayPauseView.m</string>
			<key>sourceTree</key>
			<string>&lt;group&gt;</string>
		</dict>
		<key>B5F176DC19E7267C00593D12</key>
		<dict>
			<key>fileRef</key>
			<string>B5F176DB19E7267C00593D12</string>
			<key>isa</key>
			<string>PBXBuildFile</string>
		</dict>
		<key>F13FCC0EF82A4D08A6BA5291</key>
		<dict>
			<key>children</key>
			<array>
				<string>773720CD89AF46CD957A9DB0</string>
			</array>
			<key>isa</key>
			<string>PBXGroup</string>
			<key>name</key>
			<string>Frameworks</string>
			<key>sourceTree</key>
			<string>&lt;group&gt;</string>
		</dict>
	</dict>
	<key>rootObject</key>
	<string>B5365EFE19E5957F000B780D</string>
</dict>
</plist>
